// !$*UTF8*$!
{
	archiveVersion = 1;
	classes = {
	};
	objectVersion = 50;
	objects = {

/* Begin PBXBuildFile section */
		393E238021AB422700620D94 /* MusicMakerModel.xcdatamodeld in Sources */ = {isa = PBXBuildFile; fileRef = 393E237E21AB422700620D94 /* MusicMakerModel.xcdatamodeld */; };
		393E238421AB4C1E00620D94 /* CoreData.swift in Sources */ = {isa = PBXBuildFile; fileRef = 393E238321AB4C1E00620D94 /* CoreData.swift */; };
		393E238621AB564200620D94 /* Teacher+Convenience.swift in Sources */ = {isa = PBXBuildFile; fileRef = 393E238521AB564200620D94 /* Teacher+Convenience.swift */; };
		393E238821AB565800620D94 /* Assignment+Convenience.swift in Sources */ = {isa = PBXBuildFile; fileRef = 393E238721AB565800620D94 /* Assignment+Convenience.swift */; };
		393E238A21AB9F7900620D94 /* MusicMakerModelController.swift in Sources */ = {isa = PBXBuildFile; fileRef = 393E238921AB9F7900620D94 /* MusicMakerModelController.swift */; };
		393E238C21ACA96000620D94 /* AssignmentPlaybackTableViewCell.swift in Sources */ = {isa = PBXBuildFile; fileRef = 393E238B21ACA96000620D94 /* AssignmentPlaybackTableViewCell.swift */; };
		399010C321925474004670BF /* UnsubmittedAssignmentViewController.storyboard in Resources */ = {isa = PBXBuildFile; fileRef = 399010C221925474004670BF /* UnsubmittedAssignmentViewController.storyboard */; };
		399010C521925FC7004670BF /* UnsubmittedAssignmentViewController.swift in Sources */ = {isa = PBXBuildFile; fileRef = 399010C421925FC7004670BF /* UnsubmittedAssignmentViewController.swift */; };
		39C108FD2194E55900180F37 /* RecordingViewController.swift in Sources */ = {isa = PBXBuildFile; fileRef = 39C108FC2194E55900180F37 /* RecordingViewController.swift */; };
		39C108FF2194FD9800180F37 /* CameraPreviewView.swift in Sources */ = {isa = PBXBuildFile; fileRef = 39C108FE2194FD9800180F37 /* CameraPreviewView.swift */; };
		39C47DC621AF228900C1E115 /* SubmittedAssignmentViewController.storyboard in Resources */ = {isa = PBXBuildFile; fileRef = 39C47DC521AF228900C1E115 /* SubmittedAssignmentViewController.storyboard */; };
		39C47DC821AF233000C1E115 /* SubmittedAssignmentViewController.swift in Sources */ = {isa = PBXBuildFile; fileRef = 39C47DC721AF233000C1E115 /* SubmittedAssignmentViewController.swift */; };
		39CA2B532193607700C6018E /* SplitView.storyboard in Resources */ = {isa = PBXBuildFile; fileRef = 39CA2B522193607700C6018E /* SplitView.storyboard */; };
		39CA2B55219367D500C6018E /* AssignmentHeaderTableViewCell.swift in Sources */ = {isa = PBXBuildFile; fileRef = 39CA2B54219367D500C6018E /* AssignmentHeaderTableViewCell.swift */; };
		39CA2B5721938AA900C6018E /* AssignmentMusicPieceTableViewCell.swift in Sources */ = {isa = PBXBuildFile; fileRef = 39CA2B5621938AA900C6018E /* AssignmentMusicPieceTableViewCell.swift */; };
		39CA2B592193901700C6018E /* MusicSheetPageCollectionViewCell.swift in Sources */ = {isa = PBXBuildFile; fileRef = 39CA2B582193901700C6018E /* MusicSheetPageCollectionViewCell.swift */; };
		39CA2B5B219397DA00C6018E /* SamplePDF.pdf in Resources */ = {isa = PBXBuildFile; fileRef = 39CA2B5A219397DA00C6018E /* SamplePDF.pdf */; };
		39CA2B5D21948D8C00C6018E /* AssignmentInstructionsTableViewCell.swift in Sources */ = {isa = PBXBuildFile; fileRef = 39CA2B5C21948D8C00C6018E /* AssignmentInstructionsTableViewCell.swift */; };
		39CA2B5F2194AED500C6018E /* RecordButtonTableViewCell.swift in Sources */ = {isa = PBXBuildFile; fileRef = 39CA2B5E2194AED500C6018E /* RecordButtonTableViewCell.swift */; };
		39CA2B612194B2CA00C6018E /* AssignmentSaveSubmitTableViewCell.swift in Sources */ = {isa = PBXBuildFile; fileRef = 39CA2B602194B2CA00C6018E /* AssignmentSaveSubmitTableViewCell.swift */; };
		39CA2B632194DD2E00C6018E /* RecordingViewController.storyboard in Resources */ = {isa = PBXBuildFile; fileRef = 39CA2B622194DD2E00C6018E /* RecordingViewController.storyboard */; };
		BF5D5209219CB05900DFF213 /* TextFieldEffects.swift in Sources */ = {isa = PBXBuildFile; fileRef = BF5D5207219CB05800DFF213 /* TextFieldEffects.swift */; };
		BF5D520A219CB05900DFF213 /* HoshiTextField.swift in Sources */ = {isa = PBXBuildFile; fileRef = BF5D5208219CB05900DFF213 /* HoshiTextField.swift */; };
		BF5D520C219CC7F200DFF213 /* Teachers.storyboard in Resources */ = {isa = PBXBuildFile; fileRef = BF5D520B219CC7F200DFF213 /* Teachers.storyboard */; };
		BF5D520E219CC8CA00DFF213 /* ContainerViewController.swift in Sources */ = {isa = PBXBuildFile; fileRef = BF5D520D219CC8CA00DFF213 /* ContainerViewController.swift */; };
		BF5D5210219CC8E800DFF213 /* TeachersViewController.swift in Sources */ = {isa = PBXBuildFile; fileRef = BF5D520F219CC8E800DFF213 /* TeachersViewController.swift */; };
		BF5D5212219CC8F500DFF213 /* SideMenuViewController.swift in Sources */ = {isa = PBXBuildFile; fileRef = BF5D5211219CC8F500DFF213 /* SideMenuViewController.swift */; };
		BF5D5217219CD23100DFF213 /* UIButton+Extensions.swift in Sources */ = {isa = PBXBuildFile; fileRef = BF5D5216219CD23100DFF213 /* UIButton+Extensions.swift */; };
		BF5D5219219D17F100DFF213 /* TeachersViewControllerDelegate.swift in Sources */ = {isa = PBXBuildFile; fileRef = BF5D5218219D17F100DFF213 /* TeachersViewControllerDelegate.swift */; };
		BF69F2B921A4F68100EAB8CE /* MusicMakerTests.swift in Sources */ = {isa = PBXBuildFile; fileRef = BF69F2B821A4F68100EAB8CE /* MusicMakerTests.swift */; };
		BF69F2C721A4F8A500EAB8CE /* MusicMakerUITests.swift in Sources */ = {isa = PBXBuildFile; fileRef = BF69F2C621A4F8A500EAB8CE /* MusicMakerUITests.swift */; };
		BF98B13221B35007007B7C45 /* UISegmentedControl+Extensions.swift in Sources */ = {isa = PBXBuildFile; fileRef = BF98B13121B35007007B7C45 /* UISegmentedControl+Extensions.swift */; };
		BF98B13421B4A318007B7C45 /* QRScannerViewController.swift in Sources */ = {isa = PBXBuildFile; fileRef = BF98B13321B4A318007B7C45 /* QRScannerViewController.swift */; };
		BF98B13621B4E3A1007B7C45 /* qr_code.json in Resources */ = {isa = PBXBuildFile; fileRef = BF98B13521B4E3A1007B7C45 /* qr_code.json */; };
		BF98B13821B4E447007B7C45 /* AddQRPhotoViewController.swift in Sources */ = {isa = PBXBuildFile; fileRef = BF98B13721B4E447007B7C45 /* AddQRPhotoViewController.swift */; };
		BF98B13A21B4EB8A007B7C45 /* UIViewController+InformationalAlert.swift in Sources */ = {isa = PBXBuildFile; fileRef = BF98B13921B4EB8A007B7C45 /* UIViewController+InformationalAlert.swift */; };
		BF98B13C21B50D9B007B7C45 /* checked_done_.json in Resources */ = {isa = PBXBuildFile; fileRef = BF98B13B21B50D9B007B7C45 /* checked_done_.json */; };
		BF98B13E21B50EAB007B7C45 /* StudentSignupViewController.swift in Sources */ = {isa = PBXBuildFile; fileRef = BF98B13D21B50EAB007B7C45 /* StudentSignupViewController.swift */; };
		BF98B14021B5B66D007B7C45 /* EmailAndPasswordViewController.swift in Sources */ = {isa = PBXBuildFile; fileRef = BF98B13F21B5B66D007B7C45 /* EmailAndPasswordViewController.swift */; };
		BF98B14221B5B784007B7C45 /* eye01.json in Resources */ = {isa = PBXBuildFile; fileRef = BF98B14121B5B784007B7C45 /* eye01.json */; };
		BF98B14421B5C5B0007B7C45 /* EmailAndPasswordViewControllerDelegate.swift in Sources */ = {isa = PBXBuildFile; fileRef = BF98B14321B5C5B0007B7C45 /* EmailAndPasswordViewControllerDelegate.swift */; };
		BF98B14621B5CA9C007B7C45 /* StarRating.swift in Sources */ = {isa = PBXBuildFile; fileRef = BF98B14521B5CA9C007B7C45 /* StarRating.swift */; };
		BF98B14821B5CAFF007B7C45 /* LevelAndInstrumentViewController.swift in Sources */ = {isa = PBXBuildFile; fileRef = BF98B14721B5CAFF007B7C45 /* LevelAndInstrumentViewController.swift */; };
		BF98B14A21B5CD66007B7C45 /* LevelAndInstrumentViewDelegate.swift in Sources */ = {isa = PBXBuildFile; fileRef = BF98B14921B5CD66007B7C45 /* LevelAndInstrumentViewDelegate.swift */; };
		BFD381BB219255540038F974 /* GoogleService-Info.plist in Resources */ = {isa = PBXBuildFile; fileRef = BFD381BA219255540038F974 /* GoogleService-Info.plist */; };
		BFD381C32193525F0038F974 /* Authentication.storyboard in Resources */ = {isa = PBXBuildFile; fileRef = BFD381C22193525F0038F974 /* Authentication.storyboard */; };
		BFD381CE219355460038F974 /* SignUpViewController.swift in Sources */ = {isa = PBXBuildFile; fileRef = BFD381CD219355460038F974 /* SignUpViewController.swift */; };
		BFD381D0219355510038F974 /* LogInViewController.swift in Sources */ = {isa = PBXBuildFile; fileRef = BFD381CF219355510038F974 /* LogInViewController.swift */; };
		BFD3E55F2192393A00D84FF2 /* AppDelegate.swift in Sources */ = {isa = PBXBuildFile; fileRef = BFD3E55E2192393A00D84FF2 /* AppDelegate.swift */; };
		BFD3E5662192393B00D84FF2 /* Assets.xcassets in Resources */ = {isa = PBXBuildFile; fileRef = BFD3E5652192393B00D84FF2 /* Assets.xcassets */; };
		BFD3E5692192393B00D84FF2 /* LaunchScreen.storyboard in Resources */ = {isa = PBXBuildFile; fileRef = BFD3E5672192393B00D84FF2 /* LaunchScreen.storyboard */; };
		BFD3EEF321ABC8160097D5AA /* String+Extensions.swift in Sources */ = {isa = PBXBuildFile; fileRef = BFD3EEF221ABC8160097D5AA /* String+Extensions.swift */; };
		BFD3EEF521ABCB8A0097D5AA /* UIImage+Extensions.swift in Sources */ = {isa = PBXBuildFile; fileRef = BFD3EEF421ABCB8A0097D5AA /* UIImage+Extensions.swift */; };
		BFD3EEF921AD1CB50097D5AA /* InitialViewController.swift in Sources */ = {isa = PBXBuildFile; fileRef = BFD3EEF821AD1CB50097D5AA /* InitialViewController.swift */; };
		BFD3EEFD21AE45880097D5AA /* Student.swift in Sources */ = {isa = PBXBuildFile; fileRef = BFD3EEFC21AE45870097D5AA /* Student.swift */; };
		BFE771AA219E577D00DCE42A /* UserProfileViewController.swift in Sources */ = {isa = PBXBuildFile; fileRef = BFE771A9219E577D00DCE42A /* UserProfileViewController.swift */; };
		BFE771AC219E59DF00DCE42A /* UIViewController+TransitionAnimations.swift in Sources */ = {isa = PBXBuildFile; fileRef = BFE771AB219E59DF00DCE42A /* UIViewController+TransitionAnimations.swift */; };
		BFE771AE219E6B2600DCE42A /* SideMenuDelegate.swift in Sources */ = {isa = PBXBuildFile; fileRef = BFE771AD219E6B2600DCE42A /* SideMenuDelegate.swift */; };
		BFE771D621A352E100DCE42A /* MenuButton.swift in Sources */ = {isa = PBXBuildFile; fileRef = BFE771D521A352E100DCE42A /* MenuButton.swift */; };
		BFE771D821A49BE700DCE42A /* QRView.swift in Sources */ = {isa = PBXBuildFile; fileRef = BFE771D721A49BE700DCE42A /* QRView.swift */; };
		BFE771DA21A49F1400DCE42A /* InstantPanGestureRecognizer.swift in Sources */ = {isa = PBXBuildFile; fileRef = BFE771D921A49F1400DCE42A /* InstantPanGestureRecognizer.swift */; };
		BFE771DC21A4A61000DCE42A /* scannedSound.mp3 in Resources */ = {isa = PBXBuildFile; fileRef = BFE771DB21A4A61000DCE42A /* scannedSound.mp3 */; };
		BFFB213D21AF6ECE0050E013 /* AssignmentsViewController.swift in Sources */ = {isa = PBXBuildFile; fileRef = BFFB213C21AF6ECE0050E013 /* AssignmentsViewController.swift */; };
		BFFB213F21AFA02E0050E013 /* ResetPasswordViewController.swift in Sources */ = {isa = PBXBuildFile; fileRef = BFFB213E21AFA02E0050E013 /* ResetPasswordViewController.swift */; };
		BFFB214921B0FDFE0050E013 /* AuthenticationOptionsViewControllerDelegate.swift in Sources */ = {isa = PBXBuildFile; fileRef = BFFB214821B0FDFE0050E013 /* AuthenticationOptionsViewControllerDelegate.swift */; };
		BFFB214B21B0FE4F0050E013 /* AuthenticationOptionsViewController.swift in Sources */ = {isa = PBXBuildFile; fileRef = BFFB214A21B0FE4F0050E013 /* AuthenticationOptionsViewController.swift */; };
		BFFB214F21B1F9B90050E013 /* AddTeacherOptionsViewController.swift in Sources */ = {isa = PBXBuildFile; fileRef = BFFB214E21B1F9B90050E013 /* AddTeacherOptionsViewController.swift */; };
		CCA6E76E82020309C9BE8F98 /* Pods_MusicMaker.framework in Frameworks */ = {isa = PBXBuildFile; fileRef = 14164028D61F9D9FA287E67B /* Pods_MusicMaker.framework */; };
/* End PBXBuildFile section */

/* Begin PBXContainerItemProxy section */
		BF69F2BB21A4F68100EAB8CE /* PBXContainerItemProxy */ = {
			isa = PBXContainerItemProxy;
			containerPortal = BFD3E5532192393A00D84FF2 /* Project object */;
			proxyType = 1;
			remoteGlobalIDString = BFD3E55A2192393A00D84FF2;
			remoteInfo = MusicMaker;
		};
		BF69F2C921A4F8A500EAB8CE /* PBXContainerItemProxy */ = {
			isa = PBXContainerItemProxy;
			containerPortal = BFD3E5532192393A00D84FF2 /* Project object */;
			proxyType = 1;
			remoteGlobalIDString = BFD3E55A2192393A00D84FF2;
			remoteInfo = MusicMaker;
		};
/* End PBXContainerItemProxy section */

/* Begin PBXFileReference section */
		14164028D61F9D9FA287E67B /* Pods_MusicMaker.framework */ = {isa = PBXFileReference; explicitFileType = wrapper.framework; includeInIndex = 0; path = Pods_MusicMaker.framework; sourceTree = BUILT_PRODUCTS_DIR; };
		30673F6A357782EEB3E98417 /* Pods-MusicMaker.debug.xcconfig */ = {isa = PBXFileReference; includeInIndex = 1; lastKnownFileType = text.xcconfig; name = "Pods-MusicMaker.debug.xcconfig"; path = "Pods/Target Support Files/Pods-MusicMaker/Pods-MusicMaker.debug.xcconfig"; sourceTree = "<group>"; };
		393E237F21AB422700620D94 /* MusicMakerModel.xcdatamodel */ = {isa = PBXFileReference; lastKnownFileType = wrapper.xcdatamodel; path = MusicMakerModel.xcdatamodel; sourceTree = "<group>"; };
		393E238321AB4C1E00620D94 /* CoreData.swift */ = {isa = PBXFileReference; lastKnownFileType = sourcecode.swift; path = CoreData.swift; sourceTree = "<group>"; };
		393E238521AB564200620D94 /* Teacher+Convenience.swift */ = {isa = PBXFileReference; lastKnownFileType = sourcecode.swift; path = "Teacher+Convenience.swift"; sourceTree = "<group>"; };
		393E238721AB565800620D94 /* Assignment+Convenience.swift */ = {isa = PBXFileReference; lastKnownFileType = sourcecode.swift; path = "Assignment+Convenience.swift"; sourceTree = "<group>"; };
		393E238921AB9F7900620D94 /* MusicMakerModelController.swift */ = {isa = PBXFileReference; lastKnownFileType = sourcecode.swift; path = MusicMakerModelController.swift; sourceTree = "<group>"; };
		393E238B21ACA96000620D94 /* AssignmentPlaybackTableViewCell.swift */ = {isa = PBXFileReference; lastKnownFileType = sourcecode.swift; path = AssignmentPlaybackTableViewCell.swift; sourceTree = "<group>"; };
		399010C221925474004670BF /* UnsubmittedAssignmentViewController.storyboard */ = {isa = PBXFileReference; lastKnownFileType = file.storyboard; path = UnsubmittedAssignmentViewController.storyboard; sourceTree = "<group>"; };
		399010C421925FC7004670BF /* UnsubmittedAssignmentViewController.swift */ = {isa = PBXFileReference; lastKnownFileType = sourcecode.swift; path = UnsubmittedAssignmentViewController.swift; sourceTree = "<group>"; };
		39C108FC2194E55900180F37 /* RecordingViewController.swift */ = {isa = PBXFileReference; lastKnownFileType = sourcecode.swift; path = RecordingViewController.swift; sourceTree = "<group>"; };
		39C108FE2194FD9800180F37 /* CameraPreviewView.swift */ = {isa = PBXFileReference; lastKnownFileType = sourcecode.swift; path = CameraPreviewView.swift; sourceTree = "<group>"; };
		39C47DC521AF228900C1E115 /* SubmittedAssignmentViewController.storyboard */ = {isa = PBXFileReference; lastKnownFileType = file.storyboard; path = SubmittedAssignmentViewController.storyboard; sourceTree = "<group>"; };
		39C47DC721AF233000C1E115 /* SubmittedAssignmentViewController.swift */ = {isa = PBXFileReference; lastKnownFileType = sourcecode.swift; path = SubmittedAssignmentViewController.swift; sourceTree = "<group>"; };
		39CA2B522193607700C6018E /* SplitView.storyboard */ = {isa = PBXFileReference; lastKnownFileType = file.storyboard; path = SplitView.storyboard; sourceTree = "<group>"; };
		39CA2B54219367D500C6018E /* AssignmentHeaderTableViewCell.swift */ = {isa = PBXFileReference; lastKnownFileType = sourcecode.swift; path = AssignmentHeaderTableViewCell.swift; sourceTree = "<group>"; };
		39CA2B5621938AA900C6018E /* AssignmentMusicPieceTableViewCell.swift */ = {isa = PBXFileReference; lastKnownFileType = sourcecode.swift; path = AssignmentMusicPieceTableViewCell.swift; sourceTree = "<group>"; };
		39CA2B582193901700C6018E /* MusicSheetPageCollectionViewCell.swift */ = {isa = PBXFileReference; lastKnownFileType = sourcecode.swift; path = MusicSheetPageCollectionViewCell.swift; sourceTree = "<group>"; };
		39CA2B5A219397DA00C6018E /* SamplePDF.pdf */ = {isa = PBXFileReference; lastKnownFileType = image.pdf; path = SamplePDF.pdf; sourceTree = "<group>"; };
		39CA2B5C21948D8C00C6018E /* AssignmentInstructionsTableViewCell.swift */ = {isa = PBXFileReference; lastKnownFileType = sourcecode.swift; path = AssignmentInstructionsTableViewCell.swift; sourceTree = "<group>"; };
		39CA2B5E2194AED500C6018E /* RecordButtonTableViewCell.swift */ = {isa = PBXFileReference; lastKnownFileType = sourcecode.swift; path = RecordButtonTableViewCell.swift; sourceTree = "<group>"; };
		39CA2B602194B2CA00C6018E /* AssignmentSaveSubmitTableViewCell.swift */ = {isa = PBXFileReference; lastKnownFileType = sourcecode.swift; path = AssignmentSaveSubmitTableViewCell.swift; sourceTree = "<group>"; };
		39CA2B622194DD2E00C6018E /* RecordingViewController.storyboard */ = {isa = PBXFileReference; lastKnownFileType = file.storyboard; path = RecordingViewController.storyboard; sourceTree = "<group>"; };
		BF5D5207219CB05800DFF213 /* TextFieldEffects.swift */ = {isa = PBXFileReference; fileEncoding = 4; lastKnownFileType = sourcecode.swift; path = TextFieldEffects.swift; sourceTree = "<group>"; };
		BF5D5208219CB05900DFF213 /* HoshiTextField.swift */ = {isa = PBXFileReference; fileEncoding = 4; lastKnownFileType = sourcecode.swift; path = HoshiTextField.swift; sourceTree = "<group>"; };
		BF5D520B219CC7F200DFF213 /* Teachers.storyboard */ = {isa = PBXFileReference; lastKnownFileType = file.storyboard; path = Teachers.storyboard; sourceTree = "<group>"; };
		BF5D520D219CC8CA00DFF213 /* ContainerViewController.swift */ = {isa = PBXFileReference; lastKnownFileType = sourcecode.swift; path = ContainerViewController.swift; sourceTree = "<group>"; };
		BF5D520F219CC8E800DFF213 /* TeachersViewController.swift */ = {isa = PBXFileReference; lastKnownFileType = sourcecode.swift; path = TeachersViewController.swift; sourceTree = "<group>"; };
		BF5D5211219CC8F500DFF213 /* SideMenuViewController.swift */ = {isa = PBXFileReference; lastKnownFileType = sourcecode.swift; path = SideMenuViewController.swift; sourceTree = "<group>"; };
		BF5D5216219CD23100DFF213 /* UIButton+Extensions.swift */ = {isa = PBXFileReference; lastKnownFileType = sourcecode.swift; name = "UIButton+Extensions.swift"; path = "MusicMaker/Storyboards/UIButton+Extensions.swift"; sourceTree = SOURCE_ROOT; };
		BF5D5218219D17F100DFF213 /* TeachersViewControllerDelegate.swift */ = {isa = PBXFileReference; lastKnownFileType = sourcecode.swift; path = TeachersViewControllerDelegate.swift; sourceTree = "<group>"; };
		BF69F2B621A4F68100EAB8CE /* MusicMakerTests.xctest */ = {isa = PBXFileReference; explicitFileType = wrapper.cfbundle; includeInIndex = 0; path = MusicMakerTests.xctest; sourceTree = BUILT_PRODUCTS_DIR; };
		BF69F2B821A4F68100EAB8CE /* MusicMakerTests.swift */ = {isa = PBXFileReference; lastKnownFileType = sourcecode.swift; path = MusicMakerTests.swift; sourceTree = "<group>"; };
		BF69F2BA21A4F68100EAB8CE /* Info.plist */ = {isa = PBXFileReference; lastKnownFileType = text.plist.xml; path = Info.plist; sourceTree = "<group>"; };
		BF69F2C421A4F8A400EAB8CE /* MusicMakerUITests.xctest */ = {isa = PBXFileReference; explicitFileType = wrapper.cfbundle; includeInIndex = 0; path = MusicMakerUITests.xctest; sourceTree = BUILT_PRODUCTS_DIR; };
		BF69F2C621A4F8A500EAB8CE /* MusicMakerUITests.swift */ = {isa = PBXFileReference; lastKnownFileType = sourcecode.swift; path = MusicMakerUITests.swift; sourceTree = "<group>"; };
		BF69F2C821A4F8A500EAB8CE /* Info.plist */ = {isa = PBXFileReference; lastKnownFileType = text.plist.xml; path = Info.plist; sourceTree = "<group>"; };
		BF98B13121B35007007B7C45 /* UISegmentedControl+Extensions.swift */ = {isa = PBXFileReference; lastKnownFileType = sourcecode.swift; path = "UISegmentedControl+Extensions.swift"; sourceTree = "<group>"; };
		BF98B13321B4A318007B7C45 /* QRScannerViewController.swift */ = {isa = PBXFileReference; lastKnownFileType = sourcecode.swift; path = QRScannerViewController.swift; sourceTree = "<group>"; };
		BF98B13521B4E3A1007B7C45 /* qr_code.json */ = {isa = PBXFileReference; fileEncoding = 4; lastKnownFileType = text.json; path = qr_code.json; sourceTree = "<group>"; };
		BF98B13721B4E447007B7C45 /* AddQRPhotoViewController.swift */ = {isa = PBXFileReference; lastKnownFileType = sourcecode.swift; path = AddQRPhotoViewController.swift; sourceTree = "<group>"; };
		BF98B13921B4EB8A007B7C45 /* UIViewController+InformationalAlert.swift */ = {isa = PBXFileReference; lastKnownFileType = sourcecode.swift; path = "UIViewController+InformationalAlert.swift"; sourceTree = "<group>"; };
		BF98B13B21B50D9B007B7C45 /* checked_done_.json */ = {isa = PBXFileReference; fileEncoding = 4; lastKnownFileType = text.json; path = checked_done_.json; sourceTree = "<group>"; };
		BF98B13D21B50EAB007B7C45 /* StudentSignupViewController.swift */ = {isa = PBXFileReference; lastKnownFileType = sourcecode.swift; path = StudentSignupViewController.swift; sourceTree = "<group>"; };
		BF98B13F21B5B66D007B7C45 /* EmailAndPasswordViewController.swift */ = {isa = PBXFileReference; lastKnownFileType = sourcecode.swift; path = EmailAndPasswordViewController.swift; sourceTree = "<group>"; };
		BF98B14121B5B784007B7C45 /* eye01.json */ = {isa = PBXFileReference; fileEncoding = 4; lastKnownFileType = text.json; path = eye01.json; sourceTree = "<group>"; };
		BF98B14321B5C5B0007B7C45 /* EmailAndPasswordViewControllerDelegate.swift */ = {isa = PBXFileReference; lastKnownFileType = sourcecode.swift; path = EmailAndPasswordViewControllerDelegate.swift; sourceTree = "<group>"; };
		BF98B14521B5CA9C007B7C45 /* StarRating.swift */ = {isa = PBXFileReference; lastKnownFileType = sourcecode.swift; path = StarRating.swift; sourceTree = "<group>"; };
		BF98B14721B5CAFF007B7C45 /* LevelAndInstrumentViewController.swift */ = {isa = PBXFileReference; lastKnownFileType = sourcecode.swift; path = LevelAndInstrumentViewController.swift; sourceTree = "<group>"; };
		BF98B14921B5CD66007B7C45 /* LevelAndInstrumentViewDelegate.swift */ = {isa = PBXFileReference; lastKnownFileType = sourcecode.swift; path = LevelAndInstrumentViewDelegate.swift; sourceTree = "<group>"; };
		BFD381BA219255540038F974 /* GoogleService-Info.plist */ = {isa = PBXFileReference; fileEncoding = 4; lastKnownFileType = text.plist.xml; path = "GoogleService-Info.plist"; sourceTree = "<group>"; };
		BFD381C22193525F0038F974 /* Authentication.storyboard */ = {isa = PBXFileReference; lastKnownFileType = file.storyboard; path = Authentication.storyboard; sourceTree = "<group>"; };
		BFD381CD219355460038F974 /* SignUpViewController.swift */ = {isa = PBXFileReference; lastKnownFileType = sourcecode.swift; path = SignUpViewController.swift; sourceTree = "<group>"; };
		BFD381CF219355510038F974 /* LogInViewController.swift */ = {isa = PBXFileReference; lastKnownFileType = sourcecode.swift; path = LogInViewController.swift; sourceTree = "<group>"; };
		BFD3E55B2192393A00D84FF2 /* MusicMaker.app */ = {isa = PBXFileReference; explicitFileType = wrapper.application; includeInIndex = 0; path = MusicMaker.app; sourceTree = BUILT_PRODUCTS_DIR; };
		BFD3E55E2192393A00D84FF2 /* AppDelegate.swift */ = {isa = PBXFileReference; lastKnownFileType = sourcecode.swift; path = AppDelegate.swift; sourceTree = "<group>"; };
		BFD3E5652192393B00D84FF2 /* Assets.xcassets */ = {isa = PBXFileReference; lastKnownFileType = folder.assetcatalog; path = Assets.xcassets; sourceTree = "<group>"; };
		BFD3E5682192393B00D84FF2 /* Base */ = {isa = PBXFileReference; lastKnownFileType = file.storyboard; name = Base; path = Base.lproj/LaunchScreen.storyboard; sourceTree = "<group>"; };
		BFD3E56A2192393B00D84FF2 /* Info.plist */ = {isa = PBXFileReference; lastKnownFileType = text.plist.xml; path = Info.plist; sourceTree = "<group>"; };
		BFD3EEF221ABC8160097D5AA /* String+Extensions.swift */ = {isa = PBXFileReference; lastKnownFileType = sourcecode.swift; path = "String+Extensions.swift"; sourceTree = "<group>"; };
		BFD3EEF421ABCB8A0097D5AA /* UIImage+Extensions.swift */ = {isa = PBXFileReference; lastKnownFileType = sourcecode.swift; path = "UIImage+Extensions.swift"; sourceTree = "<group>"; };
		BFD3EEF821AD1CB50097D5AA /* InitialViewController.swift */ = {isa = PBXFileReference; lastKnownFileType = sourcecode.swift; path = InitialViewController.swift; sourceTree = "<group>"; };
		BFD3EEFC21AE45870097D5AA /* Student.swift */ = {isa = PBXFileReference; lastKnownFileType = sourcecode.swift; path = Student.swift; sourceTree = "<group>"; };
		BFE771A9219E577D00DCE42A /* UserProfileViewController.swift */ = {isa = PBXFileReference; lastKnownFileType = sourcecode.swift; path = UserProfileViewController.swift; sourceTree = "<group>"; };
		BFE771AB219E59DF00DCE42A /* UIViewController+TransitionAnimations.swift */ = {isa = PBXFileReference; lastKnownFileType = sourcecode.swift; name = "UIViewController+TransitionAnimations.swift"; path = "MusicMaker/Storyboards/UIViewController+TransitionAnimations.swift"; sourceTree = SOURCE_ROOT; };
		BFE771AD219E6B2600DCE42A /* SideMenuDelegate.swift */ = {isa = PBXFileReference; lastKnownFileType = sourcecode.swift; path = SideMenuDelegate.swift; sourceTree = "<group>"; };
		BFE771D521A352E100DCE42A /* MenuButton.swift */ = {isa = PBXFileReference; lastKnownFileType = sourcecode.swift; path = MenuButton.swift; sourceTree = "<group>"; };
		BFE771D721A49BE700DCE42A /* QRView.swift */ = {isa = PBXFileReference; lastKnownFileType = sourcecode.swift; path = QRView.swift; sourceTree = "<group>"; };
		BFE771D921A49F1400DCE42A /* InstantPanGestureRecognizer.swift */ = {isa = PBXFileReference; lastKnownFileType = sourcecode.swift; path = InstantPanGestureRecognizer.swift; sourceTree = "<group>"; };
		BFE771DB21A4A61000DCE42A /* scannedSound.mp3 */ = {isa = PBXFileReference; lastKnownFileType = audio.mp3; path = scannedSound.mp3; sourceTree = "<group>"; };
		BFFB213C21AF6ECE0050E013 /* AssignmentsViewController.swift */ = {isa = PBXFileReference; lastKnownFileType = sourcecode.swift; path = AssignmentsViewController.swift; sourceTree = "<group>"; };
		BFFB213E21AFA02E0050E013 /* ResetPasswordViewController.swift */ = {isa = PBXFileReference; lastKnownFileType = sourcecode.swift; path = ResetPasswordViewController.swift; sourceTree = "<group>"; };
		BFFB214821B0FDFE0050E013 /* AuthenticationOptionsViewControllerDelegate.swift */ = {isa = PBXFileReference; lastKnownFileType = sourcecode.swift; path = AuthenticationOptionsViewControllerDelegate.swift; sourceTree = "<group>"; };
		BFFB214A21B0FE4F0050E013 /* AuthenticationOptionsViewController.swift */ = {isa = PBXFileReference; lastKnownFileType = sourcecode.swift; path = AuthenticationOptionsViewController.swift; sourceTree = "<group>"; };
		BFFB214E21B1F9B90050E013 /* AddTeacherOptionsViewController.swift */ = {isa = PBXFileReference; lastKnownFileType = sourcecode.swift; path = AddTeacherOptionsViewController.swift; sourceTree = "<group>"; };
		F6FDA1FA291F03420ADB77C5 /* Pods-MusicMaker.release.xcconfig */ = {isa = PBXFileReference; includeInIndex = 1; lastKnownFileType = text.xcconfig; name = "Pods-MusicMaker.release.xcconfig"; path = "Pods/Target Support Files/Pods-MusicMaker/Pods-MusicMaker.release.xcconfig"; sourceTree = "<group>"; };
/* End PBXFileReference section */

/* Begin PBXFrameworksBuildPhase section */
		BF69F2B321A4F68100EAB8CE /* Frameworks */ = {
			isa = PBXFrameworksBuildPhase;
			buildActionMask = 2147483647;
			files = (
			);
			runOnlyForDeploymentPostprocessing = 0;
		};
		BF69F2C121A4F8A400EAB8CE /* Frameworks */ = {
			isa = PBXFrameworksBuildPhase;
			buildActionMask = 2147483647;
			files = (
			);
			runOnlyForDeploymentPostprocessing = 0;
		};
		BFD3E5582192393A00D84FF2 /* Frameworks */ = {
			isa = PBXFrameworksBuildPhase;
			buildActionMask = 2147483647;
			files = (
				CCA6E76E82020309C9BE8F98 /* Pods_MusicMaker.framework in Frameworks */,
			);
			runOnlyForDeploymentPostprocessing = 0;
		};
/* End PBXFrameworksBuildPhase section */

/* Begin PBXGroup section */
		5405EB2258EE9A3121DEE7CE /* Pods */ = {
			isa = PBXGroup;
			children = (
				30673F6A357782EEB3E98417 /* Pods-MusicMaker.debug.xcconfig */,
				F6FDA1FA291F03420ADB77C5 /* Pods-MusicMaker.release.xcconfig */,
			);
			name = Pods;
			sourceTree = "<group>";
		};
		BF5D5215219CCAA100DFF213 /* Protocols */ = {
			isa = PBXGroup;
			children = (
				BF98B14321B5C5B0007B7C45 /* EmailAndPasswordViewControllerDelegate.swift */,
				BFFB214821B0FDFE0050E013 /* AuthenticationOptionsViewControllerDelegate.swift */,
				BF5D5218219D17F100DFF213 /* TeachersViewControllerDelegate.swift */,
				BF98B14921B5CD66007B7C45 /* LevelAndInstrumentViewDelegate.swift */,
				BFE771AD219E6B2600DCE42A /* SideMenuDelegate.swift */,
			);
			path = Protocols;
			sourceTree = "<group>";
		};
		BF69F2B721A4F68100EAB8CE /* MusicMakerTests */ = {
			isa = PBXGroup;
			children = (
				BF69F2B821A4F68100EAB8CE /* MusicMakerTests.swift */,
				BF69F2BA21A4F68100EAB8CE /* Info.plist */,
			);
			path = MusicMakerTests;
			sourceTree = "<group>";
		};
		BF69F2C521A4F8A500EAB8CE /* MusicMakerUITests */ = {
			isa = PBXGroup;
			children = (
				BF69F2C621A4F8A500EAB8CE /* MusicMakerUITests.swift */,
				BF69F2C821A4F8A500EAB8CE /* Info.plist */,
			);
			path = MusicMakerUITests;
			sourceTree = "<group>";
		};
		BFD381C4219353A50038F974 /* View Controllers */ = {
			isa = PBXGroup;
			children = (
				BF98B14721B5CAFF007B7C45 /* LevelAndInstrumentViewController.swift */,
				BF98B13F21B5B66D007B7C45 /* EmailAndPasswordViewController.swift */,
				BFD3EEF821AD1CB50097D5AA /* InitialViewController.swift */,
				BFFB214A21B0FE4F0050E013 /* AuthenticationOptionsViewController.swift */,
				BFFB214E21B1F9B90050E013 /* AddTeacherOptionsViewController.swift */,
				BF98B13721B4E447007B7C45 /* AddQRPhotoViewController.swift */,
				BF98B13D21B50EAB007B7C45 /* StudentSignupViewController.swift */,
				BF98B13321B4A318007B7C45 /* QRScannerViewController.swift */,
				BFD381CD219355460038F974 /* SignUpViewController.swift */,
				BFD381CF219355510038F974 /* LogInViewController.swift */,
				BFE771A9219E577D00DCE42A /* UserProfileViewController.swift */,
				BF5D520F219CC8E800DFF213 /* TeachersViewController.swift */,
				BF5D5211219CC8F500DFF213 /* SideMenuViewController.swift */,
				BF5D520D219CC8CA00DFF213 /* ContainerViewController.swift */,
				BFFB213E21AFA02E0050E013 /* ResetPasswordViewController.swift */,
				BFE771D921A49F1400DCE42A /* InstantPanGestureRecognizer.swift */,
				399010C421925FC7004670BF /* UnsubmittedAssignmentViewController.swift */,
				BFFB213C21AF6ECE0050E013 /* AssignmentsViewController.swift */,
				39C108FC2194E55900180F37 /* RecordingViewController.swift */,
				39C47DC721AF233000C1E115 /* SubmittedAssignmentViewController.swift */,
			);
			path = "View Controllers";
			sourceTree = "<group>";
		};
		BFD381C5219353B30038F974 /* Storyboards */ = {
			isa = PBXGroup;
			children = (
				BFD3E5672192393B00D84FF2 /* LaunchScreen.storyboard */,
				BFD381C22193525F0038F974 /* Authentication.storyboard */,
				399010C221925474004670BF /* UnsubmittedAssignmentViewController.storyboard */,
				BF5D520B219CC7F200DFF213 /* Teachers.storyboard */,
				39CA2B622194DD2E00C6018E /* RecordingViewController.storyboard */,
				39CA2B522193607700C6018E /* SplitView.storyboard */,
				39C47DC521AF228900C1E115 /* SubmittedAssignmentViewController.storyboard */,
			);
			path = Storyboards;
			sourceTree = "<group>";
		};
		BFD381C6219353CF0038F974 /* Supporting Files */ = {
			isa = PBXGroup;
			children = (
				BFD3E55E2192393A00D84FF2 /* AppDelegate.swift */,
				BFD3E5652192393B00D84FF2 /* Assets.xcassets */,
				39CA2B5A219397DA00C6018E /* SamplePDF.pdf */,
				BFE771DB21A4A61000DCE42A /* scannedSound.mp3 */,
				BFD381BA219255540038F974 /* GoogleService-Info.plist */,
				BFD3E56A2192393B00D84FF2 /* Info.plist */,
			);
			path = "Supporting Files";
			sourceTree = "<group>";
		};
		BFD381C7219353DF0038F974 /* Views */ = {
			isa = PBXGroup;
			children = (
				BF98B14521B5CA9C007B7C45 /* StarRating.swift */,
				BFE771D721A49BE700DCE42A /* QRView.swift */,
				BFE771D521A352E100DCE42A /* MenuButton.swift */,
				BF5D5208219CB05900DFF213 /* HoshiTextField.swift */,
				BF5D5207219CB05800DFF213 /* TextFieldEffects.swift */,
				39CA2B54219367D500C6018E /* AssignmentHeaderTableViewCell.swift */,
				39CA2B5621938AA900C6018E /* AssignmentMusicPieceTableViewCell.swift */,
				39CA2B582193901700C6018E /* MusicSheetPageCollectionViewCell.swift */,
				39CA2B5C21948D8C00C6018E /* AssignmentInstructionsTableViewCell.swift */,
				39CA2B5E2194AED500C6018E /* RecordButtonTableViewCell.swift */,
				39CA2B602194B2CA00C6018E /* AssignmentSaveSubmitTableViewCell.swift */,
				39C108FE2194FD9800180F37 /* CameraPreviewView.swift */,
				393E238B21ACA96000620D94 /* AssignmentPlaybackTableViewCell.swift */,
			);
			path = Views;
			sourceTree = "<group>";
		};
		BFD381C8219353E60038F974 /* Models */ = {
			isa = PBXGroup;
			children = (
				393E237E21AB422700620D94 /* MusicMakerModel.xcdatamodeld */,
				393E238321AB4C1E00620D94 /* CoreData.swift */,
				393E238521AB564200620D94 /* Teacher+Convenience.swift */,
				393E238721AB565800620D94 /* Assignment+Convenience.swift */,
				BFD3EEFC21AE45870097D5AA /* Student.swift */,
			);
			path = Models;
			sourceTree = "<group>";
		};
		BFD381C9219353EA0038F974 /* Model Controllers */ = {
			isa = PBXGroup;
			children = (
				393E238921AB9F7900620D94 /* MusicMakerModelController.swift */,
			);
			path = "Model Controllers";
			sourceTree = "<group>";
		};
		BFD381CA219353F40038F974 /* Extensions */ = {
			isa = PBXGroup;
			children = (
				BF98B13921B4EB8A007B7C45 /* UIViewController+InformationalAlert.swift */,
				BFE771AB219E59DF00DCE42A /* UIViewController+TransitionAnimations.swift */,
				BF5D5216219CD23100DFF213 /* UIButton+Extensions.swift */,
				BFD3EEF221ABC8160097D5AA /* String+Extensions.swift */,
				BFD3EEF421ABCB8A0097D5AA /* UIImage+Extensions.swift */,
				BF98B13121B35007007B7C45 /* UISegmentedControl+Extensions.swift */,
			);
			path = Extensions;
			sourceTree = "<group>";
		};
		BFD3E5522192393A00D84FF2 = {
			isa = PBXGroup;
			children = (
				BFD3E55D2192393A00D84FF2 /* MusicMaker */,
				BF69F2B721A4F68100EAB8CE /* MusicMakerTests */,
				BF69F2C521A4F8A500EAB8CE /* MusicMakerUITests */,
				BFD3E55C2192393A00D84FF2 /* Products */,
				5405EB2258EE9A3121DEE7CE /* Pods */,
				E4DB184FD5558558B4A602A2 /* Frameworks */,
			);
			sourceTree = "<group>";
		};
		BFD3E55C2192393A00D84FF2 /* Products */ = {
			isa = PBXGroup;
			children = (
				BFD3E55B2192393A00D84FF2 /* MusicMaker.app */,
				BF69F2B621A4F68100EAB8CE /* MusicMakerTests.xctest */,
				BF69F2C421A4F8A400EAB8CE /* MusicMakerUITests.xctest */,
			);
			name = Products;
			sourceTree = "<group>";
		};
		BFD3E55D2192393A00D84FF2 /* MusicMaker */ = {
			isa = PBXGroup;
			children = (
				BF98B13521B4E3A1007B7C45 /* qr_code.json */,
				BF98B13B21B50D9B007B7C45 /* checked_done_.json */,
				BF98B14121B5B784007B7C45 /* eye01.json */,
				BF5D5215219CCAA100DFF213 /* Protocols */,
				BFD381CA219353F40038F974 /* Extensions */,
				BFD381C8219353E60038F974 /* Models */,
				BFD381C9219353EA0038F974 /* Model Controllers */,
				BFD381C7219353DF0038F974 /* Views */,
				BFD381C4219353A50038F974 /* View Controllers */,
				BFD381C5219353B30038F974 /* Storyboards */,
				BFD381C6219353CF0038F974 /* Supporting Files */,
			);
			path = MusicMaker;
			sourceTree = "<group>";
		};
		E4DB184FD5558558B4A602A2 /* Frameworks */ = {
			isa = PBXGroup;
			children = (
				14164028D61F9D9FA287E67B /* Pods_MusicMaker.framework */,
			);
			name = Frameworks;
			sourceTree = "<group>";
		};
/* End PBXGroup section */

/* Begin PBXNativeTarget section */
		BF69F2B521A4F68100EAB8CE /* MusicMakerTests */ = {
			isa = PBXNativeTarget;
			buildConfigurationList = BF69F2BF21A4F68100EAB8CE /* Build configuration list for PBXNativeTarget "MusicMakerTests" */;
			buildPhases = (
				BF69F2B221A4F68100EAB8CE /* Sources */,
				BF69F2B321A4F68100EAB8CE /* Frameworks */,
				BF69F2B421A4F68100EAB8CE /* Resources */,
			);
			buildRules = (
			);
			dependencies = (
				BF69F2BC21A4F68100EAB8CE /* PBXTargetDependency */,
			);
			name = MusicMakerTests;
			productName = MusicMakerTests;
			productReference = BF69F2B621A4F68100EAB8CE /* MusicMakerTests.xctest */;
			productType = "com.apple.product-type.bundle.unit-test";
		};
		BF69F2C321A4F8A400EAB8CE /* MusicMakerUITests */ = {
			isa = PBXNativeTarget;
			buildConfigurationList = BF69F2CB21A4F8A500EAB8CE /* Build configuration list for PBXNativeTarget "MusicMakerUITests" */;
			buildPhases = (
				BF69F2C021A4F8A400EAB8CE /* Sources */,
				BF69F2C121A4F8A400EAB8CE /* Frameworks */,
				BF69F2C221A4F8A400EAB8CE /* Resources */,
			);
			buildRules = (
			);
			dependencies = (
				BF69F2CA21A4F8A500EAB8CE /* PBXTargetDependency */,
			);
			name = MusicMakerUITests;
			productName = MusicMakerUITests;
			productReference = BF69F2C421A4F8A400EAB8CE /* MusicMakerUITests.xctest */;
			productType = "com.apple.product-type.bundle.ui-testing";
		};
		BFD3E55A2192393A00D84FF2 /* MusicMaker */ = {
			isa = PBXNativeTarget;
			buildConfigurationList = BFD3E56D2192393B00D84FF2 /* Build configuration list for PBXNativeTarget "MusicMaker" */;
			buildPhases = (
				3502A5EB829F5156522BA449 /* [CP] Check Pods Manifest.lock */,
				BFD3E5572192393A00D84FF2 /* Sources */,
				BFD3E5582192393A00D84FF2 /* Frameworks */,
				BFD3E5592192393A00D84FF2 /* Resources */,
				5557C5A2CD6649390CC6D456 /* [CP] Embed Pods Frameworks */,
				3F2849AD4A2F5EB05A28E97D /* [CP] Copy Pods Resources */,
			);
			buildRules = (
			);
			dependencies = (
			);
			name = MusicMaker;
			productName = MusicMaker;
			productReference = BFD3E55B2192393A00D84FF2 /* MusicMaker.app */;
			productType = "com.apple.product-type.application";
		};
/* End PBXNativeTarget section */

/* Begin PBXProject section */
		BFD3E5532192393A00D84FF2 /* Project object */ = {
			isa = PBXProject;
			attributes = {
				LastSwiftUpdateCheck = 1010;
				LastUpgradeCheck = 1000;
				ORGANIZATIONNAME = Vuk;
				TargetAttributes = {
					BF69F2B521A4F68100EAB8CE = {
						CreatedOnToolsVersion = 10.1;
						TestTargetID = BFD3E55A2192393A00D84FF2;
					};
					BF69F2C321A4F8A400EAB8CE = {
						CreatedOnToolsVersion = 10.1;
						TestTargetID = BFD3E55A2192393A00D84FF2;
					};
					BFD3E55A2192393A00D84FF2 = {
						CreatedOnToolsVersion = 10.0;
					};
				};
			};
			buildConfigurationList = BFD3E5562192393A00D84FF2 /* Build configuration list for PBXProject "MusicMaker" */;
			compatibilityVersion = "Xcode 9.3";
			developmentRegion = en;
			hasScannedForEncodings = 0;
			knownRegions = (
				en,
				Base,
			);
			mainGroup = BFD3E5522192393A00D84FF2;
			productRefGroup = BFD3E55C2192393A00D84FF2 /* Products */;
			projectDirPath = "";
			projectRoot = "";
			targets = (
				BFD3E55A2192393A00D84FF2 /* MusicMaker */,
				BF69F2B521A4F68100EAB8CE /* MusicMakerTests */,
				BF69F2C321A4F8A400EAB8CE /* MusicMakerUITests */,
			);
		};
/* End PBXProject section */

/* Begin PBXResourcesBuildPhase section */
		BF69F2B421A4F68100EAB8CE /* Resources */ = {
			isa = PBXResourcesBuildPhase;
			buildActionMask = 2147483647;
			files = (
			);
			runOnlyForDeploymentPostprocessing = 0;
		};
		BF69F2C221A4F8A400EAB8CE /* Resources */ = {
			isa = PBXResourcesBuildPhase;
			buildActionMask = 2147483647;
			files = (
			);
			runOnlyForDeploymentPostprocessing = 0;
		};
		BFD3E5592192393A00D84FF2 /* Resources */ = {
			isa = PBXResourcesBuildPhase;
			buildActionMask = 2147483647;
			files = (
				39CA2B532193607700C6018E /* SplitView.storyboard in Resources */,
				39CA2B632194DD2E00C6018E /* RecordingViewController.storyboard in Resources */,
				BFD381C32193525F0038F974 /* Authentication.storyboard in Resources */,
				BFD3E5692192393B00D84FF2 /* LaunchScreen.storyboard in Resources */,
				39CA2B5B219397DA00C6018E /* SamplePDF.pdf in Resources */,
				BFD3E5662192393B00D84FF2 /* Assets.xcassets in Resources */,
				BF98B14221B5B784007B7C45 /* eye01.json in Resources */,
				BF98B13621B4E3A1007B7C45 /* qr_code.json in Resources */,
				BF5D520C219CC7F200DFF213 /* Teachers.storyboard in Resources */,
				BF98B13C21B50D9B007B7C45 /* checked_done_.json in Resources */,
				BFE771DC21A4A61000DCE42A /* scannedSound.mp3 in Resources */,
				399010C321925474004670BF /* UnsubmittedAssignmentViewController.storyboard in Resources */,
				39C47DC621AF228900C1E115 /* SubmittedAssignmentViewController.storyboard in Resources */,
				BFD381BB219255540038F974 /* GoogleService-Info.plist in Resources */,
			);
			runOnlyForDeploymentPostprocessing = 0;
		};
/* End PBXResourcesBuildPhase section */

/* Begin PBXShellScriptBuildPhase section */
		3502A5EB829F5156522BA449 /* [CP] Check Pods Manifest.lock */ = {
			isa = PBXShellScriptBuildPhase;
			buildActionMask = 2147483647;
			files = (
			);
			inputFileListPaths = (
			);
			inputPaths = (
				"${PODS_PODFILE_DIR_PATH}/Podfile.lock",
				"${PODS_ROOT}/Manifest.lock",
			);
			name = "[CP] Check Pods Manifest.lock";
			outputFileListPaths = (
			);
			outputPaths = (
				"$(DERIVED_FILE_DIR)/Pods-MusicMaker-checkManifestLockResult.txt",
			);
			runOnlyForDeploymentPostprocessing = 0;
			shellPath = /bin/sh;
			shellScript = "diff \"${PODS_PODFILE_DIR_PATH}/Podfile.lock\" \"${PODS_ROOT}/Manifest.lock\" > /dev/null\nif [ $? != 0 ] ; then\n    # print error to STDERR\n    echo \"error: The sandbox is not in sync with the Podfile.lock. Run 'pod install' or update your CocoaPods installation.\" >&2\n    exit 1\nfi\n# This output is used by Xcode 'outputs' to avoid re-running this script phase.\necho \"SUCCESS\" > \"${SCRIPT_OUTPUT_FILE_0}\"\n";
			showEnvVarsInLog = 0;
		};
		3F2849AD4A2F5EB05A28E97D /* [CP] Copy Pods Resources */ = {
			isa = PBXShellScriptBuildPhase;
			buildActionMask = 2147483647;
			files = (
			);
			inputFileListPaths = (
			);
			inputPaths = (
				"${SRCROOT}/Pods/Target Support Files/Pods-MusicMaker/Pods-MusicMaker-resources.sh",
				"${PODS_ROOT}/GoogleSignIn/Resources/GoogleSignIn.bundle",
			);
			name = "[CP] Copy Pods Resources";
			outputFileListPaths = (
			);
			outputPaths = (
				"${TARGET_BUILD_DIR}/${UNLOCALIZED_RESOURCES_FOLDER_PATH}/GoogleSignIn.bundle",
			);
			runOnlyForDeploymentPostprocessing = 0;
			shellPath = /bin/sh;
			shellScript = "\"${SRCROOT}/Pods/Target Support Files/Pods-MusicMaker/Pods-MusicMaker-resources.sh\"\n";
			showEnvVarsInLog = 0;
		};
		5557C5A2CD6649390CC6D456 /* [CP] Embed Pods Frameworks */ = {
			isa = PBXShellScriptBuildPhase;
			buildActionMask = 2147483647;
			files = (
			);
			inputFileListPaths = (
			);
			inputPaths = (
				"${SRCROOT}/Pods/Target Support Files/Pods-MusicMaker/Pods-MusicMaker-frameworks.sh",
				"${BUILT_PRODUCTS_DIR}/BoringSSL/openssl.framework",
				"${BUILT_PRODUCTS_DIR}/GTMOAuth2/GTMOAuth2.framework",
				"${BUILT_PRODUCTS_DIR}/GTMSessionFetcher/GTMSessionFetcher.framework",
				"${BUILT_PRODUCTS_DIR}/GoogleToolboxForMac/GoogleToolboxForMac.framework",
				"${BUILT_PRODUCTS_DIR}/GoogleUtilities/GoogleUtilities.framework",
				"${BUILT_PRODUCTS_DIR}/Protobuf/Protobuf.framework",
				"${BUILT_PRODUCTS_DIR}/gRPC/GRPCClient.framework",
				"${BUILT_PRODUCTS_DIR}/gRPC-C++/grpcpp.framework",
				"${BUILT_PRODUCTS_DIR}/gRPC-Core/grpc.framework",
				"${BUILT_PRODUCTS_DIR}/gRPC-ProtoRPC/ProtoRPC.framework",
				"${BUILT_PRODUCTS_DIR}/gRPC-RxLibrary/RxLibrary.framework",
				"${BUILT_PRODUCTS_DIR}/leveldb-library/leveldb.framework",
				"${BUILT_PRODUCTS_DIR}/lottie-ios/Lottie.framework",
				"${BUILT_PRODUCTS_DIR}/nanopb/nanopb.framework",
			);
			name = "[CP] Embed Pods Frameworks";
			outputFileListPaths = (
			);
			outputPaths = (
				"${TARGET_BUILD_DIR}/${FRAMEWORKS_FOLDER_PATH}/openssl.framework",
				"${TARGET_BUILD_DIR}/${FRAMEWORKS_FOLDER_PATH}/GTMOAuth2.framework",
				"${TARGET_BUILD_DIR}/${FRAMEWORKS_FOLDER_PATH}/GTMSessionFetcher.framework",
				"${TARGET_BUILD_DIR}/${FRAMEWORKS_FOLDER_PATH}/GoogleToolboxForMac.framework",
				"${TARGET_BUILD_DIR}/${FRAMEWORKS_FOLDER_PATH}/GoogleUtilities.framework",
				"${TARGET_BUILD_DIR}/${FRAMEWORKS_FOLDER_PATH}/Protobuf.framework",
				"${TARGET_BUILD_DIR}/${FRAMEWORKS_FOLDER_PATH}/GRPCClient.framework",
				"${TARGET_BUILD_DIR}/${FRAMEWORKS_FOLDER_PATH}/grpcpp.framework",
				"${TARGET_BUILD_DIR}/${FRAMEWORKS_FOLDER_PATH}/grpc.framework",
				"${TARGET_BUILD_DIR}/${FRAMEWORKS_FOLDER_PATH}/ProtoRPC.framework",
				"${TARGET_BUILD_DIR}/${FRAMEWORKS_FOLDER_PATH}/RxLibrary.framework",
				"${TARGET_BUILD_DIR}/${FRAMEWORKS_FOLDER_PATH}/leveldb.framework",
				"${TARGET_BUILD_DIR}/${FRAMEWORKS_FOLDER_PATH}/Lottie.framework",
				"${TARGET_BUILD_DIR}/${FRAMEWORKS_FOLDER_PATH}/nanopb.framework",
			);
			runOnlyForDeploymentPostprocessing = 0;
			shellPath = /bin/sh;
			shellScript = "\"${SRCROOT}/Pods/Target Support Files/Pods-MusicMaker/Pods-MusicMaker-frameworks.sh\"\n";
			showEnvVarsInLog = 0;
		};
/* End PBXShellScriptBuildPhase section */

/* Begin PBXSourcesBuildPhase section */
		BF69F2B221A4F68100EAB8CE /* Sources */ = {
			isa = PBXSourcesBuildPhase;
			buildActionMask = 2147483647;
			files = (
				BF69F2B921A4F68100EAB8CE /* MusicMakerTests.swift in Sources */,
			);
			runOnlyForDeploymentPostprocessing = 0;
		};
		BF69F2C021A4F8A400EAB8CE /* Sources */ = {
			isa = PBXSourcesBuildPhase;
			buildActionMask = 2147483647;
			files = (
				BF69F2C721A4F8A500EAB8CE /* MusicMakerUITests.swift in Sources */,
			);
			runOnlyForDeploymentPostprocessing = 0;
		};
		BFD3E5572192393A00D84FF2 /* Sources */ = {
			isa = PBXSourcesBuildPhase;
			buildActionMask = 2147483647;
			files = (
				BF5D5217219CD23100DFF213 /* UIButton+Extensions.swift in Sources */,
				BF5D5209219CB05900DFF213 /* TextFieldEffects.swift in Sources */,
				39CA2B5721938AA900C6018E /* AssignmentMusicPieceTableViewCell.swift in Sources */,
				399010C521925FC7004670BF /* UnsubmittedAssignmentViewController.swift in Sources */,
				39CA2B612194B2CA00C6018E /* AssignmentSaveSubmitTableViewCell.swift in Sources */,
				393E238621AB564200620D94 /* Teacher+Convenience.swift in Sources */,
				BF98B13E21B50EAB007B7C45 /* StudentSignupViewController.swift in Sources */,
				393E238421AB4C1E00620D94 /* CoreData.swift in Sources */,
				BF98B13421B4A318007B7C45 /* QRScannerViewController.swift in Sources */,
				BFFB214921B0FDFE0050E013 /* AuthenticationOptionsViewControllerDelegate.swift in Sources */,
				BFD3E55F2192393A00D84FF2 /* AppDelegate.swift in Sources */,
				39C108FD2194E55900180F37 /* RecordingViewController.swift in Sources */,
				BFFB213D21AF6ECE0050E013 /* AssignmentsViewController.swift in Sources */,
				39C47DC821AF233000C1E115 /* SubmittedAssignmentViewController.swift in Sources */,
				393E238C21ACA96000620D94 /* AssignmentPlaybackTableViewCell.swift in Sources */,
				393E238021AB422700620D94 /* MusicMakerModel.xcdatamodeld in Sources */,
				BF98B14821B5CAFF007B7C45 /* LevelAndInstrumentViewController.swift in Sources */,
				BFFB213F21AFA02E0050E013 /* ResetPasswordViewController.swift in Sources */,
				BFD381CE219355460038F974 /* SignUpViewController.swift in Sources */,
				39CA2B5F2194AED500C6018E /* RecordButtonTableViewCell.swift in Sources */,
				BFD381D0219355510038F974 /* LogInViewController.swift in Sources */,
				393E238821AB565800620D94 /* Assignment+Convenience.swift in Sources */,
				BFFB214F21B1F9B90050E013 /* AddTeacherOptionsViewController.swift in Sources */,
				BF5D520A219CB05900DFF213 /* HoshiTextField.swift in Sources */,
				BF98B13821B4E447007B7C45 /* AddQRPhotoViewController.swift in Sources */,
				BF5D520E219CC8CA00DFF213 /* ContainerViewController.swift in Sources */,
				39CA2B5D21948D8C00C6018E /* AssignmentInstructionsTableViewCell.swift in Sources */,
				BFE771D821A49BE700DCE42A /* QRView.swift in Sources */,
				BFD3EEF321ABC8160097D5AA /* String+Extensions.swift in Sources */,
				BFFB214B21B0FE4F0050E013 /* AuthenticationOptionsViewController.swift in Sources */,
				BFD3EEF921AD1CB50097D5AA /* InitialViewController.swift in Sources */,
				BFE771AE219E6B2600DCE42A /* SideMenuDelegate.swift in Sources */,
				BFE771AC219E59DF00DCE42A /* UIViewController+TransitionAnimations.swift in Sources */,
				BF5D5210219CC8E800DFF213 /* TeachersViewController.swift in Sources */,
				393E238A21AB9F7900620D94 /* MusicMakerModelController.swift in Sources */,
				39C108FF2194FD9800180F37 /* CameraPreviewView.swift in Sources */,
				BF98B14621B5CA9C007B7C45 /* StarRating.swift in Sources */,
				BF98B14A21B5CD66007B7C45 /* LevelAndInstrumentViewDelegate.swift in Sources */,
				BFE771AA219E577D00DCE42A /* UserProfileViewController.swift in Sources */,
				BF5D5219219D17F100DFF213 /* TeachersViewControllerDelegate.swift in Sources */,
				BFE771D621A352E100DCE42A /* MenuButton.swift in Sources */,
				BF98B14021B5B66D007B7C45 /* EmailAndPasswordViewController.swift in Sources */,
				39CA2B55219367D500C6018E /* AssignmentHeaderTableViewCell.swift in Sources */,
				BFD3EEFD21AE45880097D5AA /* Student.swift in Sources */,
				BF5D5212219CC8F500DFF213 /* SideMenuViewController.swift in Sources */,
				BF98B13221B35007007B7C45 /* UISegmentedControl+Extensions.swift in Sources */,
				BF98B13A21B4EB8A007B7C45 /* UIViewController+InformationalAlert.swift in Sources */,
				BFD3EEF521ABCB8A0097D5AA /* UIImage+Extensions.swift in Sources */,
				39CA2B592193901700C6018E /* MusicSheetPageCollectionViewCell.swift in Sources */,
				BFE771DA21A49F1400DCE42A /* InstantPanGestureRecognizer.swift in Sources */,
				BF98B14421B5C5B0007B7C45 /* EmailAndPasswordViewControllerDelegate.swift in Sources */,
			);
			runOnlyForDeploymentPostprocessing = 0;
		};
/* End PBXSourcesBuildPhase section */

/* Begin PBXTargetDependency section */
		BF69F2BC21A4F68100EAB8CE /* PBXTargetDependency */ = {
			isa = PBXTargetDependency;
			target = BFD3E55A2192393A00D84FF2 /* MusicMaker */;
			targetProxy = BF69F2BB21A4F68100EAB8CE /* PBXContainerItemProxy */;
		};
		BF69F2CA21A4F8A500EAB8CE /* PBXTargetDependency */ = {
			isa = PBXTargetDependency;
			target = BFD3E55A2192393A00D84FF2 /* MusicMaker */;
			targetProxy = BF69F2C921A4F8A500EAB8CE /* PBXContainerItemProxy */;
		};
/* End PBXTargetDependency section */

/* Begin PBXVariantGroup section */
		BFD3E5672192393B00D84FF2 /* LaunchScreen.storyboard */ = {
			isa = PBXVariantGroup;
			children = (
				BFD3E5682192393B00D84FF2 /* Base */,
			);
			name = LaunchScreen.storyboard;
			sourceTree = "<group>";
		};
/* End PBXVariantGroup section */

/* Begin XCBuildConfiguration section */
		BF69F2BD21A4F68100EAB8CE /* Debug */ = {
			isa = XCBuildConfiguration;
			buildSettings = {
				BUNDLE_LOADER = "$(TEST_HOST)";
				CODE_SIGN_STYLE = Automatic;
				DEVELOPMENT_TEAM = NB32394B2A;
				INFOPLIST_FILE = MusicMakerTests/Info.plist;
				IPHONEOS_DEPLOYMENT_TARGET = 12.1;
				LD_RUNPATH_SEARCH_PATHS = (
					"$(inherited)",
					"@executable_path/Frameworks",
					"@loader_path/Frameworks",
				);
				PRODUCT_BUNDLE_IDENTIFIER = com.vuk.MusicMakerTests;
				PRODUCT_NAME = "$(TARGET_NAME)";
				SWIFT_VERSION = 4.2;
				TARGETED_DEVICE_FAMILY = "1,2";
				TEST_HOST = "$(BUILT_PRODUCTS_DIR)/MusicMaker.app/MusicMaker";
			};
			name = Debug;
		};
		BF69F2BE21A4F68100EAB8CE /* Release */ = {
			isa = XCBuildConfiguration;
			buildSettings = {
				BUNDLE_LOADER = "$(TEST_HOST)";
				CODE_SIGN_STYLE = Automatic;
				DEVELOPMENT_TEAM = NB32394B2A;
				INFOPLIST_FILE = MusicMakerTests/Info.plist;
				IPHONEOS_DEPLOYMENT_TARGET = 12.1;
				LD_RUNPATH_SEARCH_PATHS = (
					"$(inherited)",
					"@executable_path/Frameworks",
					"@loader_path/Frameworks",
				);
				PRODUCT_BUNDLE_IDENTIFIER = com.vuk.MusicMakerTests;
				PRODUCT_NAME = "$(TARGET_NAME)";
				SWIFT_VERSION = 4.2;
				TARGETED_DEVICE_FAMILY = "1,2";
				TEST_HOST = "$(BUILT_PRODUCTS_DIR)/MusicMaker.app/MusicMaker";
			};
			name = Release;
		};
		BF69F2CC21A4F8A500EAB8CE /* Debug */ = {
			isa = XCBuildConfiguration;
			buildSettings = {
				CODE_SIGN_STYLE = Automatic;
				DEVELOPMENT_TEAM = NB32394B2A;
				INFOPLIST_FILE = MusicMakerUITests/Info.plist;
				IPHONEOS_DEPLOYMENT_TARGET = 12.1;
				LD_RUNPATH_SEARCH_PATHS = (
					"$(inherited)",
					"@executable_path/Frameworks",
					"@loader_path/Frameworks",
				);
				PRODUCT_BUNDLE_IDENTIFIER = com.vuk.MusicMakerUITests;
				PRODUCT_NAME = "$(TARGET_NAME)";
				SWIFT_VERSION = 4.2;
				TARGETED_DEVICE_FAMILY = "1,2";
				TEST_TARGET_NAME = MusicMaker;
			};
			name = Debug;
		};
		BF69F2CD21A4F8A500EAB8CE /* Release */ = {
			isa = XCBuildConfiguration;
			buildSettings = {
				CODE_SIGN_STYLE = Automatic;
				DEVELOPMENT_TEAM = NB32394B2A;
				INFOPLIST_FILE = MusicMakerUITests/Info.plist;
				IPHONEOS_DEPLOYMENT_TARGET = 12.1;
				LD_RUNPATH_SEARCH_PATHS = (
					"$(inherited)",
					"@executable_path/Frameworks",
					"@loader_path/Frameworks",
				);
				PRODUCT_BUNDLE_IDENTIFIER = com.vuk.MusicMakerUITests;
				PRODUCT_NAME = "$(TARGET_NAME)";
				SWIFT_VERSION = 4.2;
				TARGETED_DEVICE_FAMILY = "1,2";
				TEST_TARGET_NAME = MusicMaker;
			};
			name = Release;
		};
		BFD3E56B2192393B00D84FF2 /* Debug */ = {
			isa = XCBuildConfiguration;
			buildSettings = {
				ALWAYS_SEARCH_USER_PATHS = NO;
				CLANG_ANALYZER_NONNULL = YES;
				CLANG_ANALYZER_NUMBER_OBJECT_CONVERSION = YES_AGGRESSIVE;
				CLANG_CXX_LANGUAGE_STANDARD = "gnu++14";
				CLANG_CXX_LIBRARY = "libc++";
				CLANG_ENABLE_MODULES = YES;
				CLANG_ENABLE_OBJC_ARC = YES;
				CLANG_ENABLE_OBJC_WEAK = YES;
				CLANG_WARN_BLOCK_CAPTURE_AUTORELEASING = YES;
				CLANG_WARN_BOOL_CONVERSION = YES;
				CLANG_WARN_COMMA = YES;
				CLANG_WARN_CONSTANT_CONVERSION = YES;
				CLANG_WARN_DEPRECATED_OBJC_IMPLEMENTATIONS = YES;
				CLANG_WARN_DIRECT_OBJC_ISA_USAGE = YES_ERROR;
				CLANG_WARN_DOCUMENTATION_COMMENTS = YES;
				CLANG_WARN_EMPTY_BODY = YES;
				CLANG_WARN_ENUM_CONVERSION = YES;
				CLANG_WARN_INFINITE_RECURSION = YES;
				CLANG_WARN_INT_CONVERSION = YES;
				CLANG_WARN_NON_LITERAL_NULL_CONVERSION = YES;
				CLANG_WARN_OBJC_IMPLICIT_RETAIN_SELF = YES;
				CLANG_WARN_OBJC_LITERAL_CONVERSION = YES;
				CLANG_WARN_OBJC_ROOT_CLASS = YES_ERROR;
				CLANG_WARN_RANGE_LOOP_ANALYSIS = YES;
				CLANG_WARN_STRICT_PROTOTYPES = YES;
				CLANG_WARN_SUSPICIOUS_MOVE = YES;
				CLANG_WARN_UNGUARDED_AVAILABILITY = YES_AGGRESSIVE;
				CLANG_WARN_UNREACHABLE_CODE = YES;
				CLANG_WARN__DUPLICATE_METHOD_MATCH = YES;
				CODE_SIGN_IDENTITY = "iPhone Developer";
				COPY_PHASE_STRIP = NO;
				DEBUG_INFORMATION_FORMAT = dwarf;
				ENABLE_STRICT_OBJC_MSGSEND = YES;
				ENABLE_TESTABILITY = YES;
				GCC_C_LANGUAGE_STANDARD = gnu11;
				GCC_DYNAMIC_NO_PIC = NO;
				GCC_NO_COMMON_BLOCKS = YES;
				GCC_OPTIMIZATION_LEVEL = 0;
				GCC_PREPROCESSOR_DEFINITIONS = (
					"DEBUG=1",
					"$(inherited)",
				);
				GCC_WARN_64_TO_32_BIT_CONVERSION = YES;
				GCC_WARN_ABOUT_RETURN_TYPE = YES_ERROR;
				GCC_WARN_UNDECLARED_SELECTOR = YES;
				GCC_WARN_UNINITIALIZED_AUTOS = YES_AGGRESSIVE;
				GCC_WARN_UNUSED_FUNCTION = YES;
				GCC_WARN_UNUSED_VARIABLE = YES;
				IPHONEOS_DEPLOYMENT_TARGET = 12.0;
				MTL_ENABLE_DEBUG_INFO = INCLUDE_SOURCE;
				MTL_FAST_MATH = YES;
				ONLY_ACTIVE_ARCH = YES;
				SDKROOT = iphoneos;
				SWIFT_ACTIVE_COMPILATION_CONDITIONS = DEBUG;
				SWIFT_OPTIMIZATION_LEVEL = "-Onone";
			};
			name = Debug;
		};
		BFD3E56C2192393B00D84FF2 /* Release */ = {
			isa = XCBuildConfiguration;
			buildSettings = {
				ALWAYS_SEARCH_USER_PATHS = NO;
				CLANG_ANALYZER_NONNULL = YES;
				CLANG_ANALYZER_NUMBER_OBJECT_CONVERSION = YES_AGGRESSIVE;
				CLANG_CXX_LANGUAGE_STANDARD = "gnu++14";
				CLANG_CXX_LIBRARY = "libc++";
				CLANG_ENABLE_MODULES = YES;
				CLANG_ENABLE_OBJC_ARC = YES;
				CLANG_ENABLE_OBJC_WEAK = YES;
				CLANG_WARN_BLOCK_CAPTURE_AUTORELEASING = YES;
				CLANG_WARN_BOOL_CONVERSION = YES;
				CLANG_WARN_COMMA = YES;
				CLANG_WARN_CONSTANT_CONVERSION = YES;
				CLANG_WARN_DEPRECATED_OBJC_IMPLEMENTATIONS = YES;
				CLANG_WARN_DIRECT_OBJC_ISA_USAGE = YES_ERROR;
				CLANG_WARN_DOCUMENTATION_COMMENTS = YES;
				CLANG_WARN_EMPTY_BODY = YES;
				CLANG_WARN_ENUM_CONVERSION = YES;
				CLANG_WARN_INFINITE_RECURSION = YES;
				CLANG_WARN_INT_CONVERSION = YES;
				CLANG_WARN_NON_LITERAL_NULL_CONVERSION = YES;
				CLANG_WARN_OBJC_IMPLICIT_RETAIN_SELF = YES;
				CLANG_WARN_OBJC_LITERAL_CONVERSION = YES;
				CLANG_WARN_OBJC_ROOT_CLASS = YES_ERROR;
				CLANG_WARN_RANGE_LOOP_ANALYSIS = YES;
				CLANG_WARN_STRICT_PROTOTYPES = YES;
				CLANG_WARN_SUSPICIOUS_MOVE = YES;
				CLANG_WARN_UNGUARDED_AVAILABILITY = YES_AGGRESSIVE;
				CLANG_WARN_UNREACHABLE_CODE = YES;
				CLANG_WARN__DUPLICATE_METHOD_MATCH = YES;
				CODE_SIGN_IDENTITY = "iPhone Developer";
				COPY_PHASE_STRIP = NO;
				DEBUG_INFORMATION_FORMAT = "dwarf-with-dsym";
				ENABLE_NS_ASSERTIONS = NO;
				ENABLE_STRICT_OBJC_MSGSEND = YES;
				GCC_C_LANGUAGE_STANDARD = gnu11;
				GCC_NO_COMMON_BLOCKS = YES;
				GCC_WARN_64_TO_32_BIT_CONVERSION = YES;
				GCC_WARN_ABOUT_RETURN_TYPE = YES_ERROR;
				GCC_WARN_UNDECLARED_SELECTOR = YES;
				GCC_WARN_UNINITIALIZED_AUTOS = YES_AGGRESSIVE;
				GCC_WARN_UNUSED_FUNCTION = YES;
				GCC_WARN_UNUSED_VARIABLE = YES;
				IPHONEOS_DEPLOYMENT_TARGET = 12.0;
				MTL_ENABLE_DEBUG_INFO = NO;
				MTL_FAST_MATH = YES;
				SDKROOT = iphoneos;
				SWIFT_COMPILATION_MODE = wholemodule;
				SWIFT_OPTIMIZATION_LEVEL = "-O";
				VALIDATE_PRODUCT = YES;
			};
			name = Release;
		};
		BFD3E56E2192393B00D84FF2 /* Debug */ = {
			isa = XCBuildConfiguration;
			baseConfigurationReference = 30673F6A357782EEB3E98417 /* Pods-MusicMaker.debug.xcconfig */;
			buildSettings = {
				ASSETCATALOG_COMPILER_APPICON_NAME = AppIcon;
				CODE_SIGN_STYLE = Automatic;
				DEVELOPMENT_TEAM = NB32394B2A;
				INFOPLIST_FILE = "$(SRCROOT)/MusicMaker/Supporting Files/Info.plist";
				LD_RUNPATH_SEARCH_PATHS = (
					"$(inherited)",
					"@executable_path/Frameworks",
				);
				PRODUCT_BUNDLE_IDENTIFIER = com.vuk.MusicMaker;
				PRODUCT_NAME = "$(TARGET_NAME)";
				SWIFT_VERSION = 4.2;
				TARGETED_DEVICE_FAMILY = "1,2";
			};
			name = Debug;
		};
		BFD3E56F2192393B00D84FF2 /* Release */ = {
			isa = XCBuildConfiguration;
			baseConfigurationReference = F6FDA1FA291F03420ADB77C5 /* Pods-MusicMaker.release.xcconfig */;
			buildSettings = {
				ASSETCATALOG_COMPILER_APPICON_NAME = AppIcon;
				CODE_SIGN_STYLE = Automatic;
				DEVELOPMENT_TEAM = NB32394B2A;
				INFOPLIST_FILE = "$(SRCROOT)/MusicMaker/Supporting Files/Info.plist";
				LD_RUNPATH_SEARCH_PATHS = (
					"$(inherited)",
					"@executable_path/Frameworks",
				);
				PRODUCT_BUNDLE_IDENTIFIER = com.vuk.MusicMaker;
				PRODUCT_NAME = "$(TARGET_NAME)";
				SWIFT_VERSION = 4.2;
				TARGETED_DEVICE_FAMILY = "1,2";
			};
			name = Release;
		};
/* End XCBuildConfiguration section */

/* Begin XCConfigurationList section */
		BF69F2BF21A4F68100EAB8CE /* Build configuration list for PBXNativeTarget "MusicMakerTests" */ = {
			isa = XCConfigurationList;
			buildConfigurations = (
				BF69F2BD21A4F68100EAB8CE /* Debug */,
				BF69F2BE21A4F68100EAB8CE /* Release */,
			);
			defaultConfigurationIsVisible = 0;
			defaultConfigurationName = Release;
		};
		BF69F2CB21A4F8A500EAB8CE /* Build configuration list for PBXNativeTarget "MusicMakerUITests" */ = {
			isa = XCConfigurationList;
			buildConfigurations = (
				BF69F2CC21A4F8A500EAB8CE /* Debug */,
				BF69F2CD21A4F8A500EAB8CE /* Release */,
			);
			defaultConfigurationIsVisible = 0;
			defaultConfigurationName = Release;
		};
		BFD3E5562192393A00D84FF2 /* Build configuration list for PBXProject "MusicMaker" */ = {
			isa = XCConfigurationList;
			buildConfigurations = (
				BFD3E56B2192393B00D84FF2 /* Debug */,
				BFD3E56C2192393B00D84FF2 /* Release */,
			);
			defaultConfigurationIsVisible = 0;
			defaultConfigurationName = Release;
		};
		BFD3E56D2192393B00D84FF2 /* Build configuration list for PBXNativeTarget "MusicMaker" */ = {
			isa = XCConfigurationList;
			buildConfigurations = (
				BFD3E56E2192393B00D84FF2 /* Debug */,
				BFD3E56F2192393B00D84FF2 /* Release */,
			);
			defaultConfigurationIsVisible = 0;
			defaultConfigurationName = Release;
		};
/* End XCConfigurationList section */

/* Begin XCVersionGroup section */
		393E237E21AB422700620D94 /* MusicMakerModel.xcdatamodeld */ = {
			isa = XCVersionGroup;
			children = (
				393E237F21AB422700620D94 /* MusicMakerModel.xcdatamodel */,
			);
			currentVersion = 393E237F21AB422700620D94 /* MusicMakerModel.xcdatamodel */;
			path = MusicMakerModel.xcdatamodeld;
			sourceTree = "<group>";
			versionGroupType = wrapper.xcdatamodel;
		};
/* End XCVersionGroup section */
	};
	rootObject = BFD3E5532192393A00D84FF2 /* Project object */;
}
