// !$*UTF8*$!
{
	archiveVersion = 1;
	classes = {
	};
	objectVersion = 50;
	objects = {

/* Begin PBXBuildFile section */
		399010C321925474004670BF /* UnsubmittedAssignmentViewController.storyboard in Resources */ = {isa = PBXBuildFile; fileRef = 399010C221925474004670BF /* UnsubmittedAssignmentViewController.storyboard */; };
		399010C521925FC7004670BF /* UnsubmittedAssignmentViewController.swift in Sources */ = {isa = PBXBuildFile; fileRef = 399010C421925FC7004670BF /* UnsubmittedAssignmentViewController.swift */; };
		BFD381BB219255540038F974 /* GoogleService-Info.plist in Resources */ = {isa = PBXBuildFile; fileRef = BFD381BA219255540038F974 /* GoogleService-Info.plist */; };
		BFD381C32193525F0038F974 /* Authentication.storyboard in Resources */ = {isa = PBXBuildFile; fileRef = BFD381C22193525F0038F974 /* Authentication.storyboard */; };
		BFD381CC219354C70038F974 /* QRScannerViewController.swift in Sources */ = {isa = PBXBuildFile; fileRef = BFD381CB219354C70038F974 /* QRScannerViewController.swift */; };
		BFD381CE219355460038F974 /* SignUpViewController.swift in Sources */ = {isa = PBXBuildFile; fileRef = BFD381CD219355460038F974 /* SignUpViewController.swift */; };
		BFD381D0219355510038F974 /* LogInViewController.swift in Sources */ = {isa = PBXBuildFile; fileRef = BFD381CF219355510038F974 /* LogInViewController.swift */; };
		BFD3E55F2192393A00D84FF2 /* AppDelegate.swift in Sources */ = {isa = PBXBuildFile; fileRef = BFD3E55E2192393A00D84FF2 /* AppDelegate.swift */; };
		BFD3E5662192393B00D84FF2 /* Assets.xcassets in Resources */ = {isa = PBXBuildFile; fileRef = BFD3E5652192393B00D84FF2 /* Assets.xcassets */; };
		BFD3E5692192393B00D84FF2 /* LaunchScreen.storyboard in Resources */ = {isa = PBXBuildFile; fileRef = BFD3E5672192393B00D84FF2 /* LaunchScreen.storyboard */; };
		CCA6E76E82020309C9BE8F98 /* Pods_MusicMaker.framework in Frameworks */ = {isa = PBXBuildFile; fileRef = 14164028D61F9D9FA287E67B /* Pods_MusicMaker.framework */; };
/* End PBXBuildFile section */

/* Begin PBXFileReference section */
		14164028D61F9D9FA287E67B /* Pods_MusicMaker.framework */ = {isa = PBXFileReference; explicitFileType = wrapper.framework; includeInIndex = 0; path = Pods_MusicMaker.framework; sourceTree = BUILT_PRODUCTS_DIR; };
		30673F6A357782EEB3E98417 /* Pods-MusicMaker.debug.xcconfig */ = {isa = PBXFileReference; includeInIndex = 1; lastKnownFileType = text.xcconfig; name = "Pods-MusicMaker.debug.xcconfig"; path = "Pods/Target Support Files/Pods-MusicMaker/Pods-MusicMaker.debug.xcconfig"; sourceTree = "<group>"; };
		399010C221925474004670BF /* UnsubmittedAssignmentViewController.storyboard */ = {isa = PBXFileReference; lastKnownFileType = file.storyboard; path = UnsubmittedAssignmentViewController.storyboard; sourceTree = "<group>"; };
		399010C421925FC7004670BF /* UnsubmittedAssignmentViewController.swift */ = {isa = PBXFileReference; lastKnownFileType = sourcecode.swift; path = UnsubmittedAssignmentViewController.swift; sourceTree = "<group>"; };
		BFD381BA219255540038F974 /* GoogleService-Info.plist */ = {isa = PBXFileReference; fileEncoding = 4; lastKnownFileType = text.plist.xml; path = "GoogleService-Info.plist"; sourceTree = "<group>"; };
		BFD381C22193525F0038F974 /* Authentication.storyboard */ = {isa = PBXFileReference; lastKnownFileType = file.storyboard; path = Authentication.storyboard; sourceTree = "<group>"; };
		BFD381CB219354C70038F974 /* QRScannerViewController.swift */ = {isa = PBXFileReference; lastKnownFileType = sourcecode.swift; path = QRScannerViewController.swift; sourceTree = "<group>"; };
		BFD381CD219355460038F974 /* SignUpViewController.swift */ = {isa = PBXFileReference; lastKnownFileType = sourcecode.swift; path = SignUpViewController.swift; sourceTree = "<group>"; };
		BFD381CF219355510038F974 /* LogInViewController.swift */ = {isa = PBXFileReference; lastKnownFileType = sourcecode.swift; path = LogInViewController.swift; sourceTree = "<group>"; };
		BFD3E55B2192393A00D84FF2 /* MusicMaker.app */ = {isa = PBXFileReference; explicitFileType = wrapper.application; includeInIndex = 0; path = MusicMaker.app; sourceTree = BUILT_PRODUCTS_DIR; };
		BFD3E55E2192393A00D84FF2 /* AppDelegate.swift */ = {isa = PBXFileReference; lastKnownFileType = sourcecode.swift; path = AppDelegate.swift; sourceTree = "<group>"; };
		BFD3E5652192393B00D84FF2 /* Assets.xcassets */ = {isa = PBXFileReference; lastKnownFileType = folder.assetcatalog; path = Assets.xcassets; sourceTree = "<group>"; };
		BFD3E5682192393B00D84FF2 /* Base */ = {isa = PBXFileReference; lastKnownFileType = file.storyboard; name = Base; path = Base.lproj/LaunchScreen.storyboard; sourceTree = "<group>"; };
		BFD3E56A2192393B00D84FF2 /* Info.plist */ = {isa = PBXFileReference; lastKnownFileType = text.plist.xml; path = Info.plist; sourceTree = "<group>"; };
		F6FDA1FA291F03420ADB77C5 /* Pods-MusicMaker.release.xcconfig */ = {isa = PBXFileReference; includeInIndex = 1; lastKnownFileType = text.xcconfig; name = "Pods-MusicMaker.release.xcconfig"; path = "Pods/Target Support Files/Pods-MusicMaker/Pods-MusicMaker.release.xcconfig"; sourceTree = "<group>"; };
/* End PBXFileReference section */

/* Begin PBXFrameworksBuildPhase section */
		BFD3E5582192393A00D84FF2 /* Frameworks */ = {
			isa = PBXFrameworksBuildPhase;
			buildActionMask = 2147483647;
			files = (
				CCA6E76E82020309C9BE8F98 /* Pods_MusicMaker.framework in Frameworks */,
			);
			runOnlyForDeploymentPostprocessing = 0;
		};
/* End PBXFrameworksBuildPhase section */

/* Begin PBXGroup section */
		5405EB2258EE9A3121DEE7CE /* Pods */ = {
			isa = PBXGroup;
			children = (
				30673F6A357782EEB3E98417 /* Pods-MusicMaker.debug.xcconfig */,
				F6FDA1FA291F03420ADB77C5 /* Pods-MusicMaker.release.xcconfig */,
			);
			name = Pods;
			sourceTree = "<group>";
		};
		BFD381C4219353A50038F974 /* View Controllers */ = {
			isa = PBXGroup;
			children = (
				BFD381CD219355460038F974 /* SignUpViewController.swift */,
				BFD381CF219355510038F974 /* LogInViewController.swift */,
				BFD381CB219354C70038F974 /* QRScannerViewController.swift */,
				399010C421925FC7004670BF /* UnsubmittedAssignmentViewController.swift */,
			);
			path = "View Controllers";
			sourceTree = "<group>";
		};
		BFD381C5219353B30038F974 /* Storyboards */ = {
			isa = PBXGroup;
			children = (
				BFD3E5672192393B00D84FF2 /* LaunchScreen.storyboard */,
				BFD381C22193525F0038F974 /* Authentication.storyboard */,
				399010C221925474004670BF /* UnsubmittedAssignmentViewController.storyboard */,
			);
			path = Storyboards;
			sourceTree = "<group>";
		};
		BFD381C6219353CF0038F974 /* Supporting Files */ = {
			isa = PBXGroup;
			children = (
				BFD3E55E2192393A00D84FF2 /* AppDelegate.swift */,
				BFD3E5652192393B00D84FF2 /* Assets.xcassets */,
				BFD381BA219255540038F974 /* GoogleService-Info.plist */,
				BFD3E56A2192393B00D84FF2 /* Info.plist */,
			);
			path = "Supporting Files";
			sourceTree = "<group>";
		};
		BFD381C7219353DF0038F974 /* Views */ = {
			isa = PBXGroup;
			children = (
			);
			path = Views;
			sourceTree = "<group>";
		};
		BFD381C8219353E60038F974 /* Models */ = {
			isa = PBXGroup;
			children = (
			);
			path = Models;
			sourceTree = "<group>";
		};
		BFD381C9219353EA0038F974 /* Model Controllers */ = {
			isa = PBXGroup;
			children = (
			);
			path = "Model Controllers";
			sourceTree = "<group>";
		};
		BFD381CA219353F40038F974 /* Extensions */ = {
			isa = PBXGroup;
			children = (
			);
			path = Extensions;
			sourceTree = "<group>";
		};
		BFD3E5522192393A00D84FF2 = {
			isa = PBXGroup;
			children = (
				BFD3E55D2192393A00D84FF2 /* MusicMaker */,
				BFD3E55C2192393A00D84FF2 /* Products */,
				5405EB2258EE9A3121DEE7CE /* Pods */,
				E4DB184FD5558558B4A602A2 /* Frameworks */,
			);
			sourceTree = "<group>";
		};
		BFD3E55C2192393A00D84FF2 /* Products */ = {
			isa = PBXGroup;
			children = (
				BFD3E55B2192393A00D84FF2 /* MusicMaker.app */,
			);
			name = Products;
			sourceTree = "<group>";
		};
		BFD3E55D2192393A00D84FF2 /* MusicMaker */ = {
			isa = PBXGroup;
			children = (
				BFD381CA219353F40038F974 /* Extensions */,
				BFD381C9219353EA0038F974 /* Model Controllers */,
				BFD381C8219353E60038F974 /* Models */,
				BFD381C7219353DF0038F974 /* Views */,
				BFD381C6219353CF0038F974 /* Supporting Files */,
				BFD381C4219353A50038F974 /* View Controllers */,
				BFD381C5219353B30038F974 /* Storyboards */,
			);
			path = MusicMaker;
			sourceTree = "<group>";
		};
		E4DB184FD5558558B4A602A2 /* Frameworks */ = {
			isa = PBXGroup;
			children = (
				14164028D61F9D9FA287E67B /* Pods_MusicMaker.framework */,
			);
			name = Frameworks;
			sourceTree = "<group>";
		};
/* End PBXGroup section */

/* Begin PBXNativeTarget section */
		BFD3E55A2192393A00D84FF2 /* MusicMaker */ = {
			isa = PBXNativeTarget;
			buildConfigurationList = BFD3E56D2192393B00D84FF2 /* Build configuration list for PBXNativeTarget "MusicMaker" */;
			buildPhases = (
				3502A5EB829F5156522BA449 /* [CP] Check Pods Manifest.lock */,
				BFD3E5572192393A00D84FF2 /* Sources */,
				BFD3E5582192393A00D84FF2 /* Frameworks */,
				BFD3E5592192393A00D84FF2 /* Resources */,
				5557C5A2CD6649390CC6D456 /* [CP] Embed Pods Frameworks */,
			);
			buildRules = (
			);
			dependencies = (
			);
			name = MusicMaker;
			productName = MusicMaker;
			productReference = BFD3E55B2192393A00D84FF2 /* MusicMaker.app */;
			productType = "com.apple.product-type.application";
		};
/* End PBXNativeTarget section */

/* Begin PBXProject section */
		BFD3E5532192393A00D84FF2 /* Project object */ = {
			isa = PBXProject;
			attributes = {
				LastSwiftUpdateCheck = 1000;
				LastUpgradeCheck = 1000;
				ORGANIZATIONNAME = Vuk;
				TargetAttributes = {
					BFD3E55A2192393A00D84FF2 = {
						CreatedOnToolsVersion = 10.0;
					};
				};
			};
			buildConfigurationList = BFD3E5562192393A00D84FF2 /* Build configuration list for PBXProject "MusicMaker" */;
			compatibilityVersion = "Xcode 9.3";
			developmentRegion = en;
			hasScannedForEncodings = 0;
			knownRegions = (
				en,
				Base,
			);
			mainGroup = BFD3E5522192393A00D84FF2;
			productRefGroup = BFD3E55C2192393A00D84FF2 /* Products */;
			projectDirPath = "";
			projectRoot = "";
			targets = (
				BFD3E55A2192393A00D84FF2 /* MusicMaker */,
			);
		};
/* End PBXProject section */

/* Begin PBXResourcesBuildPhase section */
		BFD3E5592192393A00D84FF2 /* Resources */ = {
			isa = PBXResourcesBuildPhase;
			buildActionMask = 2147483647;
			files = (
				BFD381C32193525F0038F974 /* Authentication.storyboard in Resources */,
				BFD3E5692192393B00D84FF2 /* LaunchScreen.storyboard in Resources */,
				BFD3E5662192393B00D84FF2 /* Assets.xcassets in Resources */,
				399010C321925474004670BF /* UnsubmittedAssignmentViewController.storyboard in Resources */,
				BFD381BB219255540038F974 /* GoogleService-Info.plist in Resources */,
			);
			runOnlyForDeploymentPostprocessing = 0;
		};
/* End PBXResourcesBuildPhase section */

/* Begin PBXShellScriptBuildPhase section */
		3502A5EB829F5156522BA449 /* [CP] Check Pods Manifest.lock */ = {
			isa = PBXShellScriptBuildPhase;
			buildActionMask = 2147483647;
			files = (
			);
			inputFileListPaths = (
			);
			inputPaths = (
				"${PODS_PODFILE_DIR_PATH}/Podfile.lock",
				"${PODS_ROOT}/Manifest.lock",
			);
			name = "[CP] Check Pods Manifest.lock";
			outputFileListPaths = (
			);
			outputPaths = (
				"$(DERIVED_FILE_DIR)/Pods-MusicMaker-checkManifestLockResult.txt",
			);
			runOnlyForDeploymentPostprocessing = 0;
			shellPath = /bin/sh;
			shellScript = "diff \"${PODS_PODFILE_DIR_PATH}/Podfile.lock\" \"${PODS_ROOT}/Manifest.lock\" > /dev/null\nif [ $? != 0 ] ; then\n    # print error to STDERR\n    echo \"error: The sandbox is not in sync with the Podfile.lock. Run 'pod install' or update your CocoaPods installation.\" >&2\n    exit 1\nfi\n# This output is used by Xcode 'outputs' to avoid re-running this script phase.\necho \"SUCCESS\" > \"${SCRIPT_OUTPUT_FILE_0}\"\n";
			showEnvVarsInLog = 0;
		};
		5557C5A2CD6649390CC6D456 /* [CP] Embed Pods Frameworks */ = {
			isa = PBXShellScriptBuildPhase;
			buildActionMask = 2147483647;
			files = (
			);
			inputFileListPaths = (
			);
			inputPaths = (
				"${SRCROOT}/Pods/Target Support Files/Pods-MusicMaker/Pods-MusicMaker-frameworks.sh",
				"${BUILT_PRODUCTS_DIR}/BoringSSL/openssl.framework",
				"${BUILT_PRODUCTS_DIR}/GTMSessionFetcher/GTMSessionFetcher.framework",
				"${BUILT_PRODUCTS_DIR}/GoogleUtilities/GoogleUtilities.framework",
				"${BUILT_PRODUCTS_DIR}/Protobuf/Protobuf.framework",
				"${BUILT_PRODUCTS_DIR}/gRPC/GRPCClient.framework",
				"${BUILT_PRODUCTS_DIR}/gRPC-C++/grpcpp.framework",
				"${BUILT_PRODUCTS_DIR}/gRPC-Core/grpc.framework",
				"${BUILT_PRODUCTS_DIR}/gRPC-ProtoRPC/ProtoRPC.framework",
				"${BUILT_PRODUCTS_DIR}/gRPC-RxLibrary/RxLibrary.framework",
				"${BUILT_PRODUCTS_DIR}/leveldb-library/leveldb.framework",
				"${BUILT_PRODUCTS_DIR}/nanopb/nanopb.framework",
			);
			name = "[CP] Embed Pods Frameworks";
			outputFileListPaths = (
			);
			outputPaths = (
				"${TARGET_BUILD_DIR}/${FRAMEWORKS_FOLDER_PATH}/openssl.framework",
				"${TARGET_BUILD_DIR}/${FRAMEWORKS_FOLDER_PATH}/GTMSessionFetcher.framework",
				"${TARGET_BUILD_DIR}/${FRAMEWORKS_FOLDER_PATH}/GoogleUtilities.framework",
				"${TARGET_BUILD_DIR}/${FRAMEWORKS_FOLDER_PATH}/Protobuf.framework",
				"${TARGET_BUILD_DIR}/${FRAMEWORKS_FOLDER_PATH}/GRPCClient.framework",
				"${TARGET_BUILD_DIR}/${FRAMEWORKS_FOLDER_PATH}/grpcpp.framework",
				"${TARGET_BUILD_DIR}/${FRAMEWORKS_FOLDER_PATH}/grpc.framework",
				"${TARGET_BUILD_DIR}/${FRAMEWORKS_FOLDER_PATH}/ProtoRPC.framework",
				"${TARGET_BUILD_DIR}/${FRAMEWORKS_FOLDER_PATH}/RxLibrary.framework",
				"${TARGET_BUILD_DIR}/${FRAMEWORKS_FOLDER_PATH}/leveldb.framework",
				"${TARGET_BUILD_DIR}/${FRAMEWORKS_FOLDER_PATH}/nanopb.framework",
			);
			runOnlyForDeploymentPostprocessing = 0;
			shellPath = /bin/sh;
			shellScript = "\"${SRCROOT}/Pods/Target Support Files/Pods-MusicMaker/Pods-MusicMaker-frameworks.sh\"\n";
			showEnvVarsInLog = 0;
		};
/* End PBXShellScriptBuildPhase section */

/* Begin PBXSourcesBuildPhase section */
		BFD3E5572192393A00D84FF2 /* Sources */ = {
			isa = PBXSourcesBuildPhase;
			buildActionMask = 2147483647;
			files = (
				399010C521925FC7004670BF /* UnsubmittedAssignmentViewController.swift in Sources */,
				BFD3E55F2192393A00D84FF2 /* AppDelegate.swift in Sources */,
				BFD381CE219355460038F974 /* SignUpViewController.swift in Sources */,
				BFD381D0219355510038F974 /* LogInViewController.swift in Sources */,
				BFD381CC219354C70038F974 /* QRScannerViewController.swift in Sources */,
			);
			runOnlyForDeploymentPostprocessing = 0;
		};
/* End PBXSourcesBuildPhase section */

/* Begin PBXVariantGroup section */
		BFD3E5672192393B00D84FF2 /* LaunchScreen.storyboard */ = {
			isa = PBXVariantGroup;
			children = (
				BFD3E5682192393B00D84FF2 /* Base */,
			);
			name = LaunchScreen.storyboard;
			sourceTree = "<group>";
		};
/* End PBXVariantGroup section */

/* Begin XCBuildConfiguration section */
		BFD3E56B2192393B00D84FF2 /* Debug */ = {
			isa = XCBuildConfiguration;
			buildSettings = {
				ALWAYS_SEARCH_USER_PATHS = NO;
				CLANG_ANALYZER_NONNULL = YES;
				CLANG_ANALYZER_NUMBER_OBJECT_CONVERSION = YES_AGGRESSIVE;
				CLANG_CXX_LANGUAGE_STANDARD = "gnu++14";
				CLANG_CXX_LIBRARY = "libc++";
				CLANG_ENABLE_MODULES = YES;
				CLANG_ENABLE_OBJC_ARC = YES;
				CLANG_ENABLE_OBJC_WEAK = YES;
				CLANG_WARN_BLOCK_CAPTURE_AUTORELEASING = YES;
				CLANG_WARN_BOOL_CONVERSION = YES;
				CLANG_WARN_COMMA = YES;
				CLANG_WARN_CONSTANT_CONVERSION = YES;
				CLANG_WARN_DEPRECATED_OBJC_IMPLEMENTATIONS = YES;
				CLANG_WARN_DIRECT_OBJC_ISA_USAGE = YES_ERROR;
				CLANG_WARN_DOCUMENTATION_COMMENTS = YES;
				CLANG_WARN_EMPTY_BODY = YES;
				CLANG_WARN_ENUM_CONVERSION = YES;
				CLANG_WARN_INFINITE_RECURSION = YES;
				CLANG_WARN_INT_CONVERSION = YES;
				CLANG_WARN_NON_LITERAL_NULL_CONVERSION = YES;
				CLANG_WARN_OBJC_IMPLICIT_RETAIN_SELF = YES;
				CLANG_WARN_OBJC_LITERAL_CONVERSION = YES;
				CLANG_WARN_OBJC_ROOT_CLASS = YES_ERROR;
				CLANG_WARN_RANGE_LOOP_ANALYSIS = YES;
				CLANG_WARN_STRICT_PROTOTYPES = YES;
				CLANG_WARN_SUSPICIOUS_MOVE = YES;
				CLANG_WARN_UNGUARDED_AVAILABILITY = YES_AGGRESSIVE;
				CLANG_WARN_UNREACHABLE_CODE = YES;
				CLANG_WARN__DUPLICATE_METHOD_MATCH = YES;
				CODE_SIGN_IDENTITY = "iPhone Developer";
				COPY_PHASE_STRIP = NO;
				DEBUG_INFORMATION_FORMAT = dwarf;
				ENABLE_STRICT_OBJC_MSGSEND = YES;
				ENABLE_TESTABILITY = YES;
				GCC_C_LANGUAGE_STANDARD = gnu11;
				GCC_DYNAMIC_NO_PIC = NO;
				GCC_NO_COMMON_BLOCKS = YES;
				GCC_OPTIMIZATION_LEVEL = 0;
				GCC_PREPROCESSOR_DEFINITIONS = (
					"DEBUG=1",
					"$(inherited)",
				);
				GCC_WARN_64_TO_32_BIT_CONVERSION = YES;
				GCC_WARN_ABOUT_RETURN_TYPE = YES_ERROR;
				GCC_WARN_UNDECLARED_SELECTOR = YES;
				GCC_WARN_UNINITIALIZED_AUTOS = YES_AGGRESSIVE;
				GCC_WARN_UNUSED_FUNCTION = YES;
				GCC_WARN_UNUSED_VARIABLE = YES;
				IPHONEOS_DEPLOYMENT_TARGET = 12.0;
				MTL_ENABLE_DEBUG_INFO = INCLUDE_SOURCE;
				MTL_FAST_MATH = YES;
				ONLY_ACTIVE_ARCH = YES;
				SDKROOT = iphoneos;
				SWIFT_ACTIVE_COMPILATION_CONDITIONS = DEBUG;
				SWIFT_OPTIMIZATION_LEVEL = "-Onone";
			};
			name = Debug;
		};
		BFD3E56C2192393B00D84FF2 /* Release */ = {
			isa = XCBuildConfiguration;
			buildSettings = {
				ALWAYS_SEARCH_USER_PATHS = NO;
				CLANG_ANALYZER_NONNULL = YES;
				CLANG_ANALYZER_NUMBER_OBJECT_CONVERSION = YES_AGGRESSIVE;
				CLANG_CXX_LANGUAGE_STANDARD = "gnu++14";
				CLANG_CXX_LIBRARY = "libc++";
				CLANG_ENABLE_MODULES = YES;
				CLANG_ENABLE_OBJC_ARC = YES;
				CLANG_ENABLE_OBJC_WEAK = YES;
				CLANG_WARN_BLOCK_CAPTURE_AUTORELEASING = YES;
				CLANG_WARN_BOOL_CONVERSION = YES;
				CLANG_WARN_COMMA = YES;
				CLANG_WARN_CONSTANT_CONVERSION = YES;
				CLANG_WARN_DEPRECATED_OBJC_IMPLEMENTATIONS = YES;
				CLANG_WARN_DIRECT_OBJC_ISA_USAGE = YES_ERROR;
				CLANG_WARN_DOCUMENTATION_COMMENTS = YES;
				CLANG_WARN_EMPTY_BODY = YES;
				CLANG_WARN_ENUM_CONVERSION = YES;
				CLANG_WARN_INFINITE_RECURSION = YES;
				CLANG_WARN_INT_CONVERSION = YES;
				CLANG_WARN_NON_LITERAL_NULL_CONVERSION = YES;
				CLANG_WARN_OBJC_IMPLICIT_RETAIN_SELF = YES;
				CLANG_WARN_OBJC_LITERAL_CONVERSION = YES;
				CLANG_WARN_OBJC_ROOT_CLASS = YES_ERROR;
				CLANG_WARN_RANGE_LOOP_ANALYSIS = YES;
				CLANG_WARN_STRICT_PROTOTYPES = YES;
				CLANG_WARN_SUSPICIOUS_MOVE = YES;
				CLANG_WARN_UNGUARDED_AVAILABILITY = YES_AGGRESSIVE;
				CLANG_WARN_UNREACHABLE_CODE = YES;
				CLANG_WARN__DUPLICATE_METHOD_MATCH = YES;
				CODE_SIGN_IDENTITY = "iPhone Developer";
				COPY_PHASE_STRIP = NO;
				DEBUG_INFORMATION_FORMAT = "dwarf-with-dsym";
				ENABLE_NS_ASSERTIONS = NO;
				ENABLE_STRICT_OBJC_MSGSEND = YES;
				GCC_C_LANGUAGE_STANDARD = gnu11;
				GCC_NO_COMMON_BLOCKS = YES;
				GCC_WARN_64_TO_32_BIT_CONVERSION = YES;
				GCC_WARN_ABOUT_RETURN_TYPE = YES_ERROR;
				GCC_WARN_UNDECLARED_SELECTOR = YES;
				GCC_WARN_UNINITIALIZED_AUTOS = YES_AGGRESSIVE;
				GCC_WARN_UNUSED_FUNCTION = YES;
				GCC_WARN_UNUSED_VARIABLE = YES;
				IPHONEOS_DEPLOYMENT_TARGET = 12.0;
				MTL_ENABLE_DEBUG_INFO = NO;
				MTL_FAST_MATH = YES;
				SDKROOT = iphoneos;
				SWIFT_COMPILATION_MODE = wholemodule;
				SWIFT_OPTIMIZATION_LEVEL = "-O";
				VALIDATE_PRODUCT = YES;
			};
			name = Release;
		};
		BFD3E56E2192393B00D84FF2 /* Debug */ = {
			isa = XCBuildConfiguration;
			baseConfigurationReference = 30673F6A357782EEB3E98417 /* Pods-MusicMaker.debug.xcconfig */;
			buildSettings = {
				ASSETCATALOG_COMPILER_APPICON_NAME = AppIcon;
				CODE_SIGN_STYLE = Automatic;
				DEVELOPMENT_TEAM = NB32394B2A;
				INFOPLIST_FILE = "$(SRCROOT)/MusicMaker/Supporting Files/Info.plist";
				LD_RUNPATH_SEARCH_PATHS = (
					"$(inherited)",
					"@executable_path/Frameworks",
				);
				PRODUCT_BUNDLE_IDENTIFIER = com.vuk.MusicMaker;
				PRODUCT_NAME = "$(TARGET_NAME)";
				SWIFT_VERSION = 4.2;
				TARGETED_DEVICE_FAMILY = "1,2";
			};
			name = Debug;
		};
		BFD3E56F2192393B00D84FF2 /* Release */ = {
			isa = XCBuildConfiguration;
			baseConfigurationReference = F6FDA1FA291F03420ADB77C5 /* Pods-MusicMaker.release.xcconfig */;
			buildSettings = {
				ASSETCATALOG_COMPILER_APPICON_NAME = AppIcon;
				CODE_SIGN_STYLE = Automatic;
				DEVELOPMENT_TEAM = NB32394B2A;
				INFOPLIST_FILE = "$(SRCROOT)/MusicMaker/Supporting Files/Info.plist";
				LD_RUNPATH_SEARCH_PATHS = (
					"$(inherited)",
					"@executable_path/Frameworks",
				);
				PRODUCT_BUNDLE_IDENTIFIER = com.vuk.MusicMaker;
				PRODUCT_NAME = "$(TARGET_NAME)";
				SWIFT_VERSION = 4.2;
				TARGETED_DEVICE_FAMILY = "1,2";
			};
			name = Release;
		};
/* End XCBuildConfiguration section */

/* Begin XCConfigurationList section */
		BFD3E5562192393A00D84FF2 /* Build configuration list for PBXProject "MusicMaker" */ = {
			isa = XCConfigurationList;
			buildConfigurations = (
				BFD3E56B2192393B00D84FF2 /* Debug */,
				BFD3E56C2192393B00D84FF2 /* Release */,
			);
			defaultConfigurationIsVisible = 0;
			defaultConfigurationName = Release;
		};
		BFD3E56D2192393B00D84FF2 /* Build configuration list for PBXNativeTarget "MusicMaker" */ = {
			isa = XCConfigurationList;
			buildConfigurations = (
				BFD3E56E2192393B00D84FF2 /* Debug */,
				BFD3E56F2192393B00D84FF2 /* Release */,
			);
			defaultConfigurationIsVisible = 0;
			defaultConfigurationName = Release;
		};
/* End XCConfigurationList section */
	};
	rootObject = BFD3E5532192393A00D84FF2 /* Project object */;
}
